{
    "annotationProcessor": {
        "org.springframework.boot:spring-boot-configuration-processor": {
            "locked": "2.7.3"
        }
    },
    "compileClasspath": {
        "com.amazonaws:aws-java-sdk-core": {
            "locked": "1.11.86"
        },
        "com.fasterxml.jackson.datatype:jackson-datatype-jsr310": {
            "locked": "2.13.3"
        },
        "com.fasterxml.jackson.jaxrs:jackson-jaxrs-json-provider": {
            "locked": "2.13.3"
        },
        "com.netflix.conductor:conductor-common": {
            "project": true
        },
        "com.netflix.eureka:eureka-client": {
            "locked": "1.10.10"
        },
        "com.netflix.spectator:spectator-api": {
            "locked": "0.122.0"
        },
        "com.sun.jersey:jersey-client": {
            "locked": "1.19.4"
        },
        "commons-io:commons-io": {
            "locked": "2.7"
        },
        "javax.ws.rs:javax.ws.rs-api": {
            "locked": "2.1.1"
        },
        "org.apache.commons:commons-lang3": {
            "locked": "3.12.0"
        },
        "org.apache.logging.log4j:log4j-api": {
            "locked": "2.17.2"
        },
        "org.apache.logging.log4j:log4j-core": {
            "locked": "2.17.2"
        },
        "org.apache.logging.log4j:log4j-jul": {
            "locked": "2.17.2"
        },
        "org.apache.logging.log4j:log4j-slf4j-impl": {
            "locked": "2.17.2"
        },
        "org.apache.logging.log4j:log4j-web": {
            "locked": "2.17.2"
        },
        "org.glassfish.jersey.core:jersey-common": {
            "locked": "2.22.2"
        },
        "org.jetbrains:annotations": {
            "locked": "23.0.0"
        },
        "org.slf4j:slf4j-api": {
            "locked": "1.7.36"
        }
    },
    "runtimeClasspath": {
        "com.amazonaws:aws-java-sdk-core": {
            "locked": "1.11.86"
        },
        "com.fasterxml.jackson.core:jackson-core": {
            "firstLevelTransitive": [
                "com.netflix.conductor:conductor-common"
            ],
            "locked": "2.13.3"
        },
        "com.fasterxml.jackson.core:jackson-databind": {
            "firstLevelTransitive": [
                "com.netflix.conductor:conductor-common"
            ],
            "locked": "2.13.3"
        },
        "com.fasterxml.jackson.datatype:jackson-datatype-jsr310": {
            "locked": "2.13.3"
        },
        "com.fasterxml.jackson.jaxrs:jackson-jaxrs-json-provider": {
            "locked": "2.13.3"
        },
        "com.fasterxml.jackson.module:jackson-module-afterburner": {
            "firstLevelTransitive": [
                "com.netflix.conductor:conductor-common"
            ],
            "locked": "2.13.3"
        },
        "com.google.protobuf:protobuf-java": {
            "firstLevelTransitive": [
                "com.netflix.conductor:conductor-common"
            ],
            "locked": "3.21.7"
        },
        "com.netflix.conductor:conductor-annotations": {
            "firstLevelTransitive": [
                "com.netflix.conductor:conductor-common"
            ],
            "project": true
        },
        "com.netflix.conductor:conductor-common": {
            "project": true
        },
        "com.netflix.eureka:eureka-client": {
            "locked": "1.10.10"
        },
        "com.netflix.spectator:spectator-api": {
            "locked": "0.122.0"
        },
        "com.sun.jersey:jersey-client": {
            "locked": "1.19.4"
        },
        "commons-io:commons-io": {
            "locked": "2.7"
        },
        "javax.ws.rs:javax.ws.rs-api": {
            "locked": "2.1.1"
        },
        "org.apache.bval:bval-jsr": {
            "firstLevelTransitive": [
                "com.netflix.conductor:conductor-common"
            ],
            "locked": "2.0.5"
        },
        "org.apache.commons:commons-lang3": {
            "firstLevelTransitive": [
                "com.netflix.conductor:conductor-common"
            ],
            "locked": "3.12.0"
        },
        "org.apache.logging.log4j:log4j-api": {
            "firstLevelTransitive": [
                "com.netflix.conductor:conductor-annotations",
                "com.netflix.conductor:conductor-common"
            ],
            "locked": "2.17.2"
        },
        "org.apache.logging.log4j:log4j-core": {
            "firstLevelTransitive": [
                "com.netflix.conductor:conductor-annotations",
                "com.netflix.conductor:conductor-common"
            ],
            "locked": "2.17.2"
        },
        "org.apache.logging.log4j:log4j-jul": {
            "firstLevelTransitive": [
                "com.netflix.conductor:conductor-annotations",
                "com.netflix.conductor:conductor-common"
            ],
            "locked": "2.17.2"
        },
        "org.apache.logging.log4j:log4j-slf4j-impl": {
            "firstLevelTransitive": [
                "com.netflix.conductor:conductor-annotations",
                "com.netflix.conductor:conductor-common"
            ],
            "locked": "2.17.2"
        },
        "org.apache.logging.log4j:log4j-web": {
            "firstLevelTransitive": [
                "com.netflix.conductor:conductor-annotations",
                "com.netflix.conductor:conductor-common"
            ],
            "locked": "2.17.2"
        },
        "org.glassfish.jersey.core:jersey-common": {
            "locked": "2.22.2"
        },
        "org.slf4j:slf4j-api": {
            "locked": "1.7.36"
        }
    },
    "testCompileClasspath": {
        "com.amazonaws:aws-java-sdk-core": {
            "locked": "1.11.86"
        },
        "com.fasterxml.jackson.datatype:jackson-datatype-jsr310": {
            "locked": "2.13.3"
        },
        "com.fasterxml.jackson.jaxrs:jackson-jaxrs-json-provider": {
            "locked": "2.13.3"
        },
        "com.netflix.conductor:conductor-common": {
            "project": true
        },
        "com.netflix.eureka:eureka-client": {
            "locked": "1.10.10"
        },
        "com.netflix.spectator:spectator-api": {
            "locked": "0.122.0"
        },
        "com.sun.jersey:jersey-client": {
            "locked": "1.19.4"
        },
        "commons-io:commons-io": {
            "locked": "2.7"
        },
        "javax.ws.rs:javax.ws.rs-api": {
            "locked": "2.1.1"
        },
        "junit:junit": {
            "locked": "4.13.2"
        },
        "org.apache.commons:commons-lang3": {
            "locked": "3.12.0"
        },
        "org.apache.logging.log4j:log4j-api": {
            "locked": "2.17.2"
        },
        "org.apache.logging.log4j:log4j-core": {
            "locked": "2.17.2"
        },
        "org.apache.logging.log4j:log4j-jul": {
            "locked": "2.17.2"
        },
        "org.apache.logging.log4j:log4j-slf4j-impl": {
            "locked": "2.17.2"
        },
        "org.apache.logging.log4j:log4j-web": {
            "locked": "2.17.2"
        },
        "org.codehaus.groovy:groovy-all": {
            "locked": "2.5.22"
        },
        "org.glassfish.jersey.core:jersey-common": {
            "locked": "2.22.2"
        },
        "org.junit.vintage:junit-vintage-engine": {
            "locked": "5.8.2"
        },
        "org.powermock:powermock-api-mockito2": {
            "locked": "2.0.9"
        },
        "org.powermock:powermock-module-junit4": {
            "locked": "2.0.9"
        },
        "org.slf4j:slf4j-api": {
            "locked": "1.7.36"
        },
        "org.spockframework:spock-core": {
            "locked": "1.3-groovy-2.5"
        },
        "org.spockframework:spock-spring": {
            "locked": "1.3-groovy-2.5"
        },
        "org.springframework.boot:spring-boot-starter-log4j2": {
            "locked": "2.7.3"
        },
        "org.springframework.boot:spring-boot-starter-test": {
            "locked": "2.7.3"
        }
    },
    "testRuntimeClasspath": {
        "com.amazonaws:aws-java-sdk-core": {
            "locked": "1.11.86"
        },
        "com.fasterxml.jackson.core:jackson-core": {
            "firstLevelTransitive": [
                "com.netflix.conductor:conductor-common"
            ],
            "locked": "2.13.3"
        },
        "com.fasterxml.jackson.core:jackson-databind": {
            "firstLevelTransitive": [
                "com.netflix.conductor:conductor-common"
            ],
            "locked": "2.13.3"
        },
        "com.fasterxml.jackson.datatype:jackson-datatype-jsr310": {
            "locked": "2.13.3"
        },
        "com.fasterxml.jackson.jaxrs:jackson-jaxrs-json-provider": {
            "locked": "2.13.3"
        },
        "com.fasterxml.jackson.module:jackson-module-afterburner": {
            "firstLevelTransitive": [
                "com.netflix.conductor:conductor-common"
            ],
            "locked": "2.13.3"
        },
        "com.google.protobuf:protobuf-java": {
            "firstLevelTransitive": [
                "com.netflix.conductor:conductor-common"
            ],
            "locked": "3.21.7"
        },
        "com.netflix.conductor:conductor-annotations": {
            "firstLevelTransitive": [
                "com.netflix.conductor:conductor-common"
            ],
            "project": true
        },
        "com.netflix.conductor:conductor-common": {
            "project": true
        },
        "com.netflix.eureka:eureka-client": {
            "locked": "1.10.10"
        },
        "com.netflix.spectator:spectator-api": {
            "locked": "0.122.0"
        },
        "com.sun.jersey:jersey-client": {
            "locked": "1.19.4"
        },
        "commons-io:commons-io": {
            "locked": "2.7"
        },
        "javax.ws.rs:javax.ws.rs-api": {
            "locked": "2.1.1"
        },
        "junit:junit": {
            "locked": "4.13.2"
        },
        "org.apache.bval:bval-jsr": {
            "firstLevelTransitive": [
                "com.netflix.conductor:conductor-common"
            ],
            "locked": "2.0.5"
        },
        "org.apache.commons:commons-lang3": {
            "firstLevelTransitive": [
                "com.netflix.conductor:conductor-common"
            ],
            "locked": "3.12.0"
        },
        "org.apache.logging.log4j:log4j-api": {
            "firstLevelTransitive": [
                "com.netflix.conductor:conductor-annotations",
                "com.netflix.conductor:conductor-common"
            ],
            "locked": "2.17.2"
        },
        "org.apache.logging.log4j:log4j-core": {
            "firstLevelTransitive": [
                "com.netflix.conductor:conductor-annotations",
                "com.netflix.conductor:conductor-common"
            ],
            "locked": "2.17.2"
        },
        "org.apache.logging.log4j:log4j-jul": {
            "firstLevelTransitive": [
                "com.netflix.conductor:conductor-annotations",
                "com.netflix.conductor:conductor-common"
            ],
            "locked": "2.17.2"
        },
        "org.apache.logging.log4j:log4j-slf4j-impl": {
            "firstLevelTransitive": [
                "com.netflix.conductor:conductor-annotations",
                "com.netflix.conductor:conductor-common"
            ],
            "locked": "2.17.2"
        },
        "org.apache.logging.log4j:log4j-web": {
            "firstLevelTransitive": [
                "com.netflix.conductor:conductor-annotations",
                "com.netflix.conductor:conductor-common"
            ],
            "locked": "2.17.2"
        },
        "org.codehaus.groovy:groovy-all": {
            "locked": "2.5.22"
        },
        "org.glassfish.jersey.core:jersey-common": {
            "locked": "2.22.2"
        },
        "org.junit.vintage:junit-vintage-engine": {
            "locked": "5.8.2"
        },
        "org.powermock:powermock-api-mockito2": {
            "locked": "2.0.9"
        },
        "org.powermock:powermock-module-junit4": {
            "locked": "2.0.9"
        },
        "org.slf4j:slf4j-api": {
            "locked": "1.7.36"
        },
        "org.spockframework:spock-core": {
            "locked": "1.3-groovy-2.5"
        },
        "org.spockframework:spock-spring": {
            "locked": "1.3-groovy-2.5"
        },
        "org.springframework.boot:spring-boot-starter-log4j2": {
            "locked": "2.7.3"
        },
        "org.springframework.boot:spring-boot-starter-test": {
            "locked": "2.7.3"
        }
    }
}