{
    "compile": {
        "com.amazonaws:aws-java-sdk-core": {
            "locked": "1.11.86",
            "requested": "1.11.86"
        },
        "com.fasterxml.jackson.core:jackson-core": {
            "firstLevelTransitive": [
                "com.netflix.conductor:conductor-common"
            ],
            "locked": "2.8.7"
        },
        "com.fasterxml.jackson.core:jackson-databind": {
            "firstLevelTransitive": [
                "com.netflix.conductor:conductor-common"
            ],
            "locked": "2.8.7"
        },
        "com.fasterxml.jackson.jaxrs:jackson-jaxrs-json-provider": {
            "locked": "2.7.5",
            "requested": "2.7.5"
        },
        "com.github.rholder:guava-retrying": {
            "firstLevelTransitive": [
                "com.netflix.conductor:conductor-common"
            ],
            "locked": "2.0.0"
        },
        "com.github.vmg.protogen:protogen-annotations": {
            "firstLevelTransitive": [
                "com.netflix.conductor:conductor-common"
            ],
            "locked": "1.0.0"
        },
        "com.google.protobuf:protobuf-java": {
            "firstLevelTransitive": [
                "com.netflix.conductor:conductor-common"
            ],
            "locked": "3.5.1"
        },
        "com.netflix.archaius:archaius-core": {
            "locked": "0.7.5",
            "requested": "0.7.5"
        },
        "com.netflix.conductor:conductor-common": {
            "project": true
        },
        "com.netflix.eureka:eureka-client": {
            "locked": "1.8.7",
            "requested": "1.8.7"
        },
        "com.netflix.spectator:spectator-api": {
            "locked": "0.68.0",
            "requested": "0.68.0"
        },
        "com.sun.jersey:jersey-client": {
            "locked": "1.19.4",
            "requested": "1.19.4"
        },
        "javax.inject:javax.inject": {
            "firstLevelTransitive": [
                "com.netflix.conductor:conductor-common"
            ],
            "locked": "1"
        },
        "org.slf4j:slf4j-api": {
            "firstLevelTransitive": [
                "com.netflix.conductor:conductor-common"
            ],
            "locked": "1.7.25"
        }
    },
    "compileClasspath": {
        "com.amazonaws:aws-java-sdk-core": {
            "locked": "1.11.86",
            "requested": "1.11.86"
        },
        "com.fasterxml.jackson.core:jackson-core": {
            "firstLevelTransitive": [
                "com.netflix.conductor:conductor-common"
            ],
            "locked": "2.8.7"
        },
        "com.fasterxml.jackson.core:jackson-databind": {
            "firstLevelTransitive": [
                "com.netflix.conductor:conductor-common"
            ],
            "locked": "2.8.7"
        },
        "com.fasterxml.jackson.jaxrs:jackson-jaxrs-json-provider": {
            "locked": "2.7.5",
            "requested": "2.7.5"
        },
        "com.github.rholder:guava-retrying": {
            "firstLevelTransitive": [
                "com.netflix.conductor:conductor-common"
            ],
            "locked": "2.0.0"
        },
        "com.github.vmg.protogen:protogen-annotations": {
            "firstLevelTransitive": [
                "com.netflix.conductor:conductor-common"
            ],
            "locked": "1.0.0"
        },
        "com.google.protobuf:protobuf-java": {
            "firstLevelTransitive": [
                "com.netflix.conductor:conductor-common"
            ],
            "locked": "3.5.1"
        },
        "com.netflix.archaius:archaius-core": {
            "locked": "0.7.5",
            "requested": "0.7.5"
        },
        "com.netflix.conductor:conductor-common": {
            "project": true
        },
        "com.netflix.eureka:eureka-client": {
            "locked": "1.8.7",
            "requested": "1.8.7"
        },
        "com.netflix.spectator:spectator-api": {
            "locked": "0.68.0",
            "requested": "0.68.0"
        },
        "com.sun.jersey:jersey-client": {
            "locked": "1.19.4",
            "requested": "1.19.4"
        },
        "javax.inject:javax.inject": {
            "firstLevelTransitive": [
                "com.netflix.conductor:conductor-common"
            ],
            "locked": "1"
        },
        "org.slf4j:slf4j-api": {
            "firstLevelTransitive": [
                "com.netflix.conductor:conductor-common"
            ],
            "locked": "1.7.25"
        }
    },
    "default": {
        "com.amazonaws:aws-java-sdk-core": {
            "locked": "1.11.86",
            "requested": "1.11.86"
        },
        "com.fasterxml.jackson.core:jackson-core": {
            "firstLevelTransitive": [
                "com.netflix.conductor:conductor-common"
            ],
            "locked": "2.8.7"
        },
        "com.fasterxml.jackson.core:jackson-databind": {
            "firstLevelTransitive": [
                "com.netflix.conductor:conductor-common"
            ],
            "locked": "2.8.7"
        },
        "com.fasterxml.jackson.jaxrs:jackson-jaxrs-json-provider": {
            "locked": "2.7.5",
            "requested": "2.7.5"
        },
        "com.github.rholder:guava-retrying": {
            "firstLevelTransitive": [
                "com.netflix.conductor:conductor-common"
            ],
            "locked": "2.0.0"
        },
        "com.github.vmg.protogen:protogen-annotations": {
            "firstLevelTransitive": [
                "com.netflix.conductor:conductor-common"
            ],
            "locked": "1.0.0"
        },
        "com.google.protobuf:protobuf-java": {
            "firstLevelTransitive": [
                "com.netflix.conductor:conductor-common"
            ],
            "locked": "3.5.1"
        },
        "com.netflix.archaius:archaius-core": {
            "locked": "0.7.5",
            "requested": "0.7.5"
        },
        "com.netflix.conductor:conductor-common": {
            "project": true
        },
        "com.netflix.eureka:eureka-client": {
            "locked": "1.8.7",
            "requested": "1.8.7"
        },
        "com.netflix.spectator:spectator-api": {
            "locked": "0.68.0",
            "requested": "0.68.0"
        },
        "com.sun.jersey:jersey-client": {
            "locked": "1.19.4",
            "requested": "1.19.4"
        },
        "javax.inject:javax.inject": {
            "firstLevelTransitive": [
                "com.netflix.conductor:conductor-common"
            ],
            "locked": "1"
        },
        "org.slf4j:slf4j-api": {
            "firstLevelTransitive": [
                "com.netflix.conductor:conductor-common"
            ],
            "locked": "1.7.25"
        }
    },
    "findbugs": {
        "com.google.code.findbugs:findbugs": {
            "locked": "3.0.1"
        }
    },
    "jacocoAgent": {
        "org.jacoco:org.jacoco.agent": {
            "locked": "0.8.1"
        }
    },
    "jacocoAnt": {
        "org.jacoco:org.jacoco.ant": {
            "locked": "0.8.1"
        }
    },
    "pmd": {
        "net.sourceforge.pmd:pmd-java": {
            "locked": "5.6.1"
        }
    },
    "runtime": {
        "com.amazonaws:aws-java-sdk-core": {
            "locked": "1.11.86",
            "requested": "1.11.86"
        },
        "com.fasterxml.jackson.core:jackson-core": {
            "firstLevelTransitive": [
                "com.netflix.conductor:conductor-common"
            ],
            "locked": "2.8.7"
        },
        "com.fasterxml.jackson.core:jackson-databind": {
            "firstLevelTransitive": [
                "com.netflix.conductor:conductor-common"
            ],
            "locked": "2.8.7"
        },
        "com.fasterxml.jackson.jaxrs:jackson-jaxrs-json-provider": {
            "locked": "2.7.5",
            "requested": "2.7.5"
        },
        "com.github.rholder:guava-retrying": {
            "firstLevelTransitive": [
                "com.netflix.conductor:conductor-common"
            ],
            "locked": "2.0.0"
        },
        "com.github.vmg.protogen:protogen-annotations": {
            "firstLevelTransitive": [
                "com.netflix.conductor:conductor-common"
            ],
            "locked": "1.0.0"
        },
        "com.google.protobuf:protobuf-java": {
            "firstLevelTransitive": [
                "com.netflix.conductor:conductor-common"
            ],
            "locked": "3.5.1"
        },
        "com.netflix.archaius:archaius-core": {
            "locked": "0.7.5",
            "requested": "0.7.5"
        },
        "com.netflix.conductor:conductor-common": {
            "project": true
        },
        "com.netflix.eureka:eureka-client": {
            "locked": "1.8.7",
            "requested": "1.8.7"
        },
        "com.netflix.spectator:spectator-api": {
            "locked": "0.68.0",
            "requested": "0.68.0"
        },
        "com.sun.jersey:jersey-client": {
            "locked": "1.19.4",
            "requested": "1.19.4"
        },
        "javax.inject:javax.inject": {
            "firstLevelTransitive": [
                "com.netflix.conductor:conductor-common"
            ],
            "locked": "1"
        },
        "org.slf4j:slf4j-api": {
            "firstLevelTransitive": [
                "com.netflix.conductor:conductor-common"
            ],
            "locked": "1.7.25"
        }
    },
    "runtimeClasspath": {
        "com.amazonaws:aws-java-sdk-core": {
            "locked": "1.11.86",
            "requested": "1.11.86"
        },
        "com.fasterxml.jackson.core:jackson-core": {
            "firstLevelTransitive": [
                "com.netflix.conductor:conductor-common"
            ],
            "locked": "2.8.7"
        },
        "com.fasterxml.jackson.core:jackson-databind": {
            "firstLevelTransitive": [
                "com.netflix.conductor:conductor-common"
            ],
            "locked": "2.8.7"
        },
        "com.fasterxml.jackson.jaxrs:jackson-jaxrs-json-provider": {
            "locked": "2.7.5",
            "requested": "2.7.5"
        },
        "com.github.rholder:guava-retrying": {
            "firstLevelTransitive": [
                "com.netflix.conductor:conductor-common"
            ],
            "locked": "2.0.0"
        },
        "com.github.vmg.protogen:protogen-annotations": {
            "firstLevelTransitive": [
                "com.netflix.conductor:conductor-common"
            ],
            "locked": "1.0.0"
        },
        "com.google.protobuf:protobuf-java": {
            "firstLevelTransitive": [
                "com.netflix.conductor:conductor-common"
            ],
            "locked": "3.5.1"
        },
        "com.netflix.archaius:archaius-core": {
            "locked": "0.7.5",
            "requested": "0.7.5"
        },
        "com.netflix.conductor:conductor-common": {
            "project": true
        },
        "com.netflix.eureka:eureka-client": {
            "locked": "1.8.7",
            "requested": "1.8.7"
        },
        "com.netflix.spectator:spectator-api": {
            "locked": "0.68.0",
            "requested": "0.68.0"
        },
        "com.sun.jersey:jersey-client": {
            "locked": "1.19.4",
            "requested": "1.19.4"
        },
        "javax.inject:javax.inject": {
            "firstLevelTransitive": [
                "com.netflix.conductor:conductor-common"
            ],
            "locked": "1"
        },
        "org.slf4j:slf4j-api": {
            "firstLevelTransitive": [
                "com.netflix.conductor:conductor-common"
            ],
            "locked": "1.7.25"
        }
    },
    "testCompile": {
        "com.amazonaws:aws-java-sdk-core": {
            "locked": "1.11.86",
            "requested": "1.11.86"
        },
        "com.fasterxml.jackson.core:jackson-core": {
            "firstLevelTransitive": [
                "com.netflix.conductor:conductor-common"
            ],
            "locked": "2.8.7"
        },
        "com.fasterxml.jackson.core:jackson-databind": {
            "firstLevelTransitive": [
                "com.netflix.conductor:conductor-common"
            ],
            "locked": "2.8.7"
        },
        "com.fasterxml.jackson.jaxrs:jackson-jaxrs-json-provider": {
            "locked": "2.7.5",
            "requested": "2.7.5"
        },
        "com.github.rholder:guava-retrying": {
            "firstLevelTransitive": [
                "com.netflix.conductor:conductor-common"
            ],
            "locked": "2.0.0"
        },
        "com.github.vmg.protogen:protogen-annotations": {
            "firstLevelTransitive": [
                "com.netflix.conductor:conductor-common"
            ],
            "locked": "1.0.0"
        },
        "com.google.protobuf:protobuf-java": {
            "firstLevelTransitive": [
                "com.netflix.conductor:conductor-common"
            ],
            "locked": "3.5.1"
        },
        "com.netflix.archaius:archaius-core": {
            "locked": "0.7.5",
            "requested": "0.7.5"
        },
        "com.netflix.conductor:conductor-common": {
            "project": true
        },
        "com.netflix.eureka:eureka-client": {
            "locked": "1.8.7",
            "requested": "1.8.7"
        },
        "com.netflix.spectator:spectator-api": {
            "locked": "0.68.0",
            "requested": "0.68.0"
        },
        "com.sun.jersey:jersey-client": {
            "locked": "1.19.4",
            "requested": "1.19.4"
        },
        "javax.inject:javax.inject": {
            "firstLevelTransitive": [
                "com.netflix.conductor:conductor-common"
            ],
            "locked": "1"
        },
        "junit:junit": {
            "locked": "4.12",
            "requested": "4.12"
        },
        "org.mockito:mockito-core": {
            "locked": "1.10.19",
            "requested": "1.10.19"
        },
        "org.slf4j:slf4j-api": {
            "firstLevelTransitive": [
                "com.netflix.conductor:conductor-common"
            ],
            "locked": "1.8.0-alpha1"
        },
        "org.slf4j:slf4j-log4j12": {
            "locked": "1.8.0-alpha1",
            "requested": "1.8.0-alpha1"
        }
    },
    "testCompileClasspath": {
        "com.amazonaws:aws-java-sdk-core": {
            "locked": "1.11.86",
            "requested": "1.11.86"
        },
        "com.fasterxml.jackson.core:jackson-core": {
            "firstLevelTransitive": [
                "com.netflix.conductor:conductor-common"
            ],
            "locked": "2.8.7"
        },
        "com.fasterxml.jackson.core:jackson-databind": {
            "firstLevelTransitive": [
                "com.netflix.conductor:conductor-common"
            ],
            "locked": "2.8.7"
        },
        "com.fasterxml.jackson.jaxrs:jackson-jaxrs-json-provider": {
            "locked": "2.7.5",
            "requested": "2.7.5"
        },
        "com.github.rholder:guava-retrying": {
            "firstLevelTransitive": [
                "com.netflix.conductor:conductor-common"
            ],
            "locked": "2.0.0"
        },
        "com.github.vmg.protogen:protogen-annotations": {
            "firstLevelTransitive": [
                "com.netflix.conductor:conductor-common"
            ],
            "locked": "1.0.0"
        },
        "com.google.protobuf:protobuf-java": {
            "firstLevelTransitive": [
                "com.netflix.conductor:conductor-common"
            ],
            "locked": "3.5.1"
        },
        "com.netflix.archaius:archaius-core": {
            "locked": "0.7.5",
            "requested": "0.7.5"
        },
        "com.netflix.conductor:conductor-common": {
            "project": true
        },
        "com.netflix.eureka:eureka-client": {
            "locked": "1.8.7",
            "requested": "1.8.7"
        },
        "com.netflix.spectator:spectator-api": {
            "locked": "0.68.0",
            "requested": "0.68.0"
        },
        "com.sun.jersey:jersey-client": {
            "locked": "1.19.4",
            "requested": "1.19.4"
        },
        "javax.inject:javax.inject": {
            "firstLevelTransitive": [
                "com.netflix.conductor:conductor-common"
            ],
            "locked": "1"
        },
        "junit:junit": {
            "locked": "4.12",
            "requested": "4.12"
        },
        "org.mockito:mockito-core": {
            "locked": "1.10.19",
            "requested": "1.10.19"
        },
        "org.slf4j:slf4j-api": {
            "firstLevelTransitive": [
                "com.netflix.conductor:conductor-common"
            ],
            "locked": "1.8.0-alpha1"
        },
        "org.slf4j:slf4j-log4j12": {
            "locked": "1.8.0-alpha1",
            "requested": "1.8.0-alpha1"
        }
    },
    "testRuntime": {
        "com.amazonaws:aws-java-sdk-core": {
            "locked": "1.11.86",
            "requested": "1.11.86"
        },
        "com.fasterxml.jackson.core:jackson-core": {
            "firstLevelTransitive": [
                "com.netflix.conductor:conductor-common"
            ],
            "locked": "2.8.7"
        },
        "com.fasterxml.jackson.core:jackson-databind": {
            "firstLevelTransitive": [
                "com.netflix.conductor:conductor-common"
            ],
            "locked": "2.8.7"
        },
        "com.fasterxml.jackson.jaxrs:jackson-jaxrs-json-provider": {
            "locked": "2.7.5",
            "requested": "2.7.5"
        },
        "com.github.rholder:guava-retrying": {
            "firstLevelTransitive": [
                "com.netflix.conductor:conductor-common"
            ],
            "locked": "2.0.0"
        },
        "com.github.vmg.protogen:protogen-annotations": {
            "firstLevelTransitive": [
                "com.netflix.conductor:conductor-common"
            ],
            "locked": "1.0.0"
        },
        "com.google.protobuf:protobuf-java": {
            "firstLevelTransitive": [
                "com.netflix.conductor:conductor-common"
            ],
            "locked": "3.5.1"
        },
        "com.netflix.archaius:archaius-core": {
            "locked": "0.7.5",
            "requested": "0.7.5"
        },
        "com.netflix.conductor:conductor-common": {
            "project": true
        },
        "com.netflix.eureka:eureka-client": {
            "locked": "1.8.7",
            "requested": "1.8.7"
        },
        "com.netflix.spectator:spectator-api": {
            "locked": "0.68.0",
            "requested": "0.68.0"
        },
        "com.sun.jersey:jersey-client": {
            "locked": "1.19.4",
            "requested": "1.19.4"
        },
        "javax.inject:javax.inject": {
            "firstLevelTransitive": [
                "com.netflix.conductor:conductor-common"
            ],
            "locked": "1"
        },
        "junit:junit": {
            "locked": "4.12",
            "requested": "4.12"
        },
        "org.mockito:mockito-core": {
            "locked": "1.10.19",
            "requested": "1.10.19"
        },
        "org.slf4j:slf4j-api": {
            "firstLevelTransitive": [
                "com.netflix.conductor:conductor-common"
            ],
            "locked": "1.8.0-alpha1"
        },
        "org.slf4j:slf4j-log4j12": {
            "locked": "1.8.0-alpha1",
            "requested": "1.8.0-alpha1"
        }
    },
    "testRuntimeClasspath": {
        "com.amazonaws:aws-java-sdk-core": {
            "locked": "1.11.86",
            "requested": "1.11.86"
        },
        "com.fasterxml.jackson.core:jackson-core": {
            "firstLevelTransitive": [
                "com.netflix.conductor:conductor-common"
            ],
            "locked": "2.8.7"
        },
        "com.fasterxml.jackson.core:jackson-databind": {
            "firstLevelTransitive": [
                "com.netflix.conductor:conductor-common"
            ],
            "locked": "2.8.7"
        },
        "com.fasterxml.jackson.jaxrs:jackson-jaxrs-json-provider": {
            "locked": "2.7.5",
            "requested": "2.7.5"
        },
        "com.github.rholder:guava-retrying": {
            "firstLevelTransitive": [
                "com.netflix.conductor:conductor-common"
            ],
            "locked": "2.0.0"
        },
        "com.github.vmg.protogen:protogen-annotations": {
            "firstLevelTransitive": [
                "com.netflix.conductor:conductor-common"
            ],
            "locked": "1.0.0"
        },
        "com.google.protobuf:protobuf-java": {
            "firstLevelTransitive": [
                "com.netflix.conductor:conductor-common"
            ],
            "locked": "3.5.1"
        },
        "com.netflix.archaius:archaius-core": {
            "locked": "0.7.5",
            "requested": "0.7.5"
        },
        "com.netflix.conductor:conductor-common": {
            "project": true
        },
        "com.netflix.eureka:eureka-client": {
            "locked": "1.8.7",
            "requested": "1.8.7"
        },
        "com.netflix.spectator:spectator-api": {
            "locked": "0.68.0",
            "requested": "0.68.0"
        },
        "com.sun.jersey:jersey-client": {
            "locked": "1.19.4",
            "requested": "1.19.4"
        },
        "javax.inject:javax.inject": {
            "firstLevelTransitive": [
                "com.netflix.conductor:conductor-common"
            ],
            "locked": "1"
        },
        "junit:junit": {
            "locked": "4.12",
            "requested": "4.12"
        },
        "org.mockito:mockito-core": {
            "locked": "1.10.19",
            "requested": "1.10.19"
        },
        "org.slf4j:slf4j-api": {
            "firstLevelTransitive": [
                "com.netflix.conductor:conductor-common"
            ],
            "locked": "1.8.0-alpha1"
        },
        "org.slf4j:slf4j-log4j12": {
            "locked": "1.8.0-alpha1",
            "requested": "1.8.0-alpha1"
        }
    }
}