{
    "annotationProcessor": {
        "org.springframework.boot:spring-boot-configuration-processor": {
            "locked": "2.3.1.RELEASE"
        }
    },
    "testCompileClasspath": {
        "org.springframework.boot:spring-boot-starter-log4j2": {
            "locked": "2.3.1.RELEASE"
        },
        "org.springframework.boot:spring-boot-starter-test": {
            "locked": "2.3.1.RELEASE"
        }
    },
    "testRuntimeClasspath": {
        "org.springframework.boot:spring-boot-starter-log4j2": {
            "locked": "2.3.1.RELEASE"
        },
        "org.springframework.boot:spring-boot-starter-test": {
            "locked": "2.3.1.RELEASE"
        }
    }
}