{
    "annotationProcessor": {
        "org.springframework.boot:spring-boot-configuration-processor": {
            "locked": "2.7.3"
        }
    },
    "compileClasspath": {
        "com.google.guava:guava": {
            "locked": "30.0-jre"
        },
        "com.netflix.conductor:conductor-common": {
            "project": true
        },
        "com.netflix.conductor:conductor-core": {
            "project": true
        },
        "commons-io:commons-io": {
            "locked": "2.7"
        },
        "org.apache.commons:commons-lang3": {
            "locked": "3.12.0"
        },
        "org.apache.logging.log4j:log4j-api": {
            "locked": "2.17.2"
        },
        "org.apache.logging.log4j:log4j-core": {
            "locked": "2.17.2"
        },
        "org.apache.logging.log4j:log4j-jul": {
            "locked": "2.17.2"
        },
        "org.apache.logging.log4j:log4j-slf4j-impl": {
            "locked": "2.17.2"
        },
        "org.apache.logging.log4j:log4j-web": {
            "locked": "2.17.2"
        },
        "org.elasticsearch.client:elasticsearch-rest-client": {
            "locked": "6.8.12"
        },
        "org.elasticsearch.client:elasticsearch-rest-high-level-client": {
            "locked": "6.8.12"
        },
        "org.elasticsearch.client:transport": {
            "locked": "6.8.12"
        },
        "org.springframework.boot:spring-boot-starter": {
            "locked": "2.7.3"
        },
        "org.springframework.retry:spring-retry": {
            "locked": "1.3.3"
        }
    },
    "runtimeClasspath": {
        "com.fasterxml.jackson.core:jackson-annotations": {
            "firstLevelTransitive": [
                "com.netflix.conductor:conductor-core"
            ],
            "locked": "2.13.3"
        },
        "com.fasterxml.jackson.core:jackson-core": {
            "firstLevelTransitive": [
                "com.netflix.conductor:conductor-common",
                "com.netflix.conductor:conductor-core"
            ],
            "locked": "2.13.3"
        },
        "com.fasterxml.jackson.core:jackson-databind": {
            "firstLevelTransitive": [
                "com.netflix.conductor:conductor-common",
                "com.netflix.conductor:conductor-core"
            ],
            "locked": "2.13.3"
        },
        "com.fasterxml.jackson.module:jackson-module-afterburner": {
            "firstLevelTransitive": [
                "com.netflix.conductor:conductor-common"
            ],
            "locked": "2.13.3"
        },
        "com.github.ben-manes.caffeine:caffeine": {
            "firstLevelTransitive": [
                "com.netflix.conductor:conductor-core"
            ],
            "locked": "2.9.3"
        },
        "com.google.guava:guava": {
            "locked": "30.0-jre"
        },
        "com.google.protobuf:protobuf-java": {
            "firstLevelTransitive": [
                "com.netflix.conductor:conductor-common",
                "com.netflix.conductor:conductor-core"
            ],
            "locked": "3.21.7"
        },
        "com.jayway.jsonpath:json-path": {
            "firstLevelTransitive": [
                "com.netflix.conductor:conductor-core"
            ],
            "locked": "2.7.0"
        },
        "com.netflix.conductor:conductor-annotations": {
            "firstLevelTransitive": [
                "com.netflix.conductor:conductor-common"
            ],
            "project": true
        },
        "com.netflix.conductor:conductor-common": {
            "firstLevelTransitive": [
                "com.netflix.conductor:conductor-core"
            ],
            "project": true
        },
        "com.netflix.conductor:conductor-core": {
            "project": true
        },
        "com.netflix.spectator:spectator-api": {
            "firstLevelTransitive": [
                "com.netflix.conductor:conductor-core"
            ],
            "locked": "0.122.0"
        },
        "com.spotify:completable-futures": {
            "firstLevelTransitive": [
                "com.netflix.conductor:conductor-core"
            ],
            "locked": "0.3.3"
        },
        "commons-io:commons-io": {
            "firstLevelTransitive": [
                "com.netflix.conductor:conductor-core"
            ],
            "locked": "2.7"
        },
        "io.reactivex:rxjava": {
            "firstLevelTransitive": [
                "com.netflix.conductor:conductor-core"
            ],
            "locked": "1.3.8"
        },
        "jakarta.activation:jakarta.activation-api": {
            "firstLevelTransitive": [
                "com.netflix.conductor:conductor-core"
            ],
            "locked": "1.2.2"
        },
        "jakarta.xml.bind:jakarta.xml.bind-api": {
            "firstLevelTransitive": [
                "com.netflix.conductor:conductor-core"
            ],
            "locked": "2.3.3"
        },
        "org.apache.bval:bval-jsr": {
            "firstLevelTransitive": [
                "com.netflix.conductor:conductor-common",
                "com.netflix.conductor:conductor-core"
            ],
            "locked": "2.0.5"
        },
        "org.apache.commons:commons-lang3": {
            "firstLevelTransitive": [
                "com.netflix.conductor:conductor-common",
                "com.netflix.conductor:conductor-core"
            ],
            "locked": "3.12.0"
        },
        "org.apache.logging.log4j:log4j-api": {
            "firstLevelTransitive": [
                "com.netflix.conductor:conductor-annotations",
                "com.netflix.conductor:conductor-common",
                "com.netflix.conductor:conductor-core"
            ],
            "locked": "2.17.2"
        },
        "org.apache.logging.log4j:log4j-core": {
            "firstLevelTransitive": [
                "com.netflix.conductor:conductor-annotations",
                "com.netflix.conductor:conductor-common",
                "com.netflix.conductor:conductor-core"
            ],
            "locked": "2.17.2"
        },
        "org.apache.logging.log4j:log4j-jul": {
            "firstLevelTransitive": [
                "com.netflix.conductor:conductor-annotations",
                "com.netflix.conductor:conductor-common",
                "com.netflix.conductor:conductor-core"
            ],
            "locked": "2.17.2"
        },
        "org.apache.logging.log4j:log4j-slf4j-impl": {
            "firstLevelTransitive": [
                "com.netflix.conductor:conductor-annotations",
                "com.netflix.conductor:conductor-common",
                "com.netflix.conductor:conductor-core"
            ],
            "locked": "2.17.2"
        },
        "org.apache.logging.log4j:log4j-web": {
            "firstLevelTransitive": [
                "com.netflix.conductor:conductor-annotations",
                "com.netflix.conductor:conductor-common",
                "com.netflix.conductor:conductor-core"
            ],
            "locked": "2.17.2"
        },
        "org.elasticsearch.client:elasticsearch-rest-client": {
            "locked": "6.8.12"
        },
        "org.elasticsearch.client:elasticsearch-rest-high-level-client": {
            "locked": "6.8.12"
        },
        "org.elasticsearch.client:transport": {
            "locked": "6.8.12"
        },
        "org.openjdk.nashorn:nashorn-core": {
            "firstLevelTransitive": [
                "com.netflix.conductor:conductor-core"
            ],
            "locked": "15.4"
        }
    },
    "testCompileClasspath": {
        "com.google.guava:guava": {
            "locked": "30.0-jre"
        },
        "com.netflix.conductor:conductor-common": {
            "project": true
        },
        "com.netflix.conductor:conductor-core": {
            "project": true
        },
        "commons-io:commons-io": {
            "locked": "2.7"
        },
        "junit:junit": {
            "locked": "4.13.2"
        },
        "org.apache.commons:commons-lang3": {
            "locked": "3.12.0"
        },
        "org.apache.logging.log4j:log4j-api": {
            "locked": "2.17.2"
        },
        "org.apache.logging.log4j:log4j-core": {
            "locked": "2.17.2"
        },
        "org.apache.logging.log4j:log4j-jul": {
            "locked": "2.17.2"
        },
        "org.apache.logging.log4j:log4j-slf4j-impl": {
            "locked": "2.17.2"
        },
        "org.apache.logging.log4j:log4j-web": {
            "locked": "2.17.2"
        },
        "org.awaitility:awaitility": {
            "locked": "3.1.6"
        },
        "org.elasticsearch.client:elasticsearch-rest-client": {
            "locked": "6.8.12"
        },
        "org.elasticsearch.client:elasticsearch-rest-high-level-client": {
            "locked": "6.8.12"
        },
        "org.elasticsearch.client:transport": {
            "locked": "6.8.12"
        },
        "org.junit.vintage:junit-vintage-engine": {
            "locked": "5.8.2"
        },
        "org.springframework.boot:spring-boot-starter-log4j2": {
            "locked": "2.7.3"
        },
        "org.springframework.boot:spring-boot-starter-test": {
            "locked": "2.7.3"
        },
        "org.springframework.retry:spring-retry": {
            "locked": "1.3.3"
        },
        "org.testcontainers:elasticsearch": {
            "locked": "1.15.3"
        }
    },
    "testRuntimeClasspath": {
        "com.fasterxml.jackson.core:jackson-annotations": {
            "firstLevelTransitive": [
                "com.netflix.conductor:conductor-core"
            ],
            "locked": "2.13.3"
        },
        "com.fasterxml.jackson.core:jackson-core": {
            "firstLevelTransitive": [
                "com.netflix.conductor:conductor-common",
                "com.netflix.conductor:conductor-core"
            ],
            "locked": "2.13.3"
        },
        "com.fasterxml.jackson.core:jackson-databind": {
            "firstLevelTransitive": [
                "com.netflix.conductor:conductor-common",
                "com.netflix.conductor:conductor-core"
            ],
            "locked": "2.13.3"
        },
        "com.fasterxml.jackson.module:jackson-module-afterburner": {
            "firstLevelTransitive": [
                "com.netflix.conductor:conductor-common"
            ],
            "locked": "2.13.3"
        },
        "com.github.ben-manes.caffeine:caffeine": {
            "firstLevelTransitive": [
                "com.netflix.conductor:conductor-core"
            ],
            "locked": "2.9.3"
        },
        "com.google.guava:guava": {
            "locked": "30.0-jre"
        },
        "com.google.protobuf:protobuf-java": {
            "firstLevelTransitive": [
                "com.netflix.conductor:conductor-common",
                "com.netflix.conductor:conductor-core"
            ],
            "locked": "3.21.7"
        },
        "com.jayway.jsonpath:json-path": {
            "firstLevelTransitive": [
                "com.netflix.conductor:conductor-core"
            ],
            "locked": "2.7.0"
        },
        "com.netflix.conductor:conductor-annotations": {
            "firstLevelTransitive": [
                "com.netflix.conductor:conductor-common"
            ],
            "project": true
        },
        "com.netflix.conductor:conductor-common": {
            "firstLevelTransitive": [
                "com.netflix.conductor:conductor-core"
            ],
            "project": true
        },
        "com.netflix.conductor:conductor-core": {
            "project": true
        },
        "com.netflix.spectator:spectator-api": {
            "firstLevelTransitive": [
                "com.netflix.conductor:conductor-core"
            ],
            "locked": "0.122.0"
        },
        "com.spotify:completable-futures": {
            "firstLevelTransitive": [
                "com.netflix.conductor:conductor-core"
            ],
            "locked": "0.3.3"
        },
        "commons-io:commons-io": {
            "firstLevelTransitive": [
                "com.netflix.conductor:conductor-core"
            ],
            "locked": "2.7"
        },
        "io.reactivex:rxjava": {
            "firstLevelTransitive": [
                "com.netflix.conductor:conductor-core"
            ],
            "locked": "1.3.8"
        },
        "jakarta.activation:jakarta.activation-api": {
            "firstLevelTransitive": [
                "com.netflix.conductor:conductor-core"
            ],
            "locked": "1.2.2"
        },
        "jakarta.xml.bind:jakarta.xml.bind-api": {
            "firstLevelTransitive": [
                "com.netflix.conductor:conductor-core"
            ],
            "locked": "2.3.3"
        },
        "junit:junit": {
            "locked": "4.13.2"
        },
        "org.apache.bval:bval-jsr": {
            "firstLevelTransitive": [
                "com.netflix.conductor:conductor-common",
                "com.netflix.conductor:conductor-core"
            ],
            "locked": "2.0.5"
        },
        "org.apache.commons:commons-lang3": {
            "firstLevelTransitive": [
                "com.netflix.conductor:conductor-common",
                "com.netflix.conductor:conductor-core"
            ],
            "locked": "3.12.0"
        },
        "org.apache.logging.log4j:log4j-api": {
            "firstLevelTransitive": [
                "com.netflix.conductor:conductor-annotations",
                "com.netflix.conductor:conductor-common",
                "com.netflix.conductor:conductor-core"
            ],
            "locked": "2.17.2"
        },
        "org.apache.logging.log4j:log4j-core": {
            "firstLevelTransitive": [
                "com.netflix.conductor:conductor-annotations",
                "com.netflix.conductor:conductor-common",
                "com.netflix.conductor:conductor-core"
            ],
            "locked": "2.17.2"
        },
        "org.apache.logging.log4j:log4j-jul": {
            "firstLevelTransitive": [
                "com.netflix.conductor:conductor-annotations",
                "com.netflix.conductor:conductor-common",
                "com.netflix.conductor:conductor-core"
            ],
            "locked": "2.17.2"
        },
        "org.apache.logging.log4j:log4j-slf4j-impl": {
            "firstLevelTransitive": [
                "com.netflix.conductor:conductor-annotations",
                "com.netflix.conductor:conductor-common",
                "com.netflix.conductor:conductor-core"
            ],
            "locked": "2.17.2"
        },
        "org.apache.logging.log4j:log4j-web": {
            "firstLevelTransitive": [
                "com.netflix.conductor:conductor-annotations",
                "com.netflix.conductor:conductor-common",
                "com.netflix.conductor:conductor-core"
            ],
            "locked": "2.17.2"
        },
        "org.awaitility:awaitility": {
            "locked": "3.1.6"
        },
        "org.elasticsearch.client:elasticsearch-rest-client": {
            "locked": "6.8.12"
        },
        "org.elasticsearch.client:elasticsearch-rest-high-level-client": {
            "locked": "6.8.12"
        },
        "org.elasticsearch.client:transport": {
            "locked": "6.8.12"
        },
        "org.junit.vintage:junit-vintage-engine": {
            "locked": "5.8.2"
        },
        "org.openjdk.nashorn:nashorn-core": {
            "firstLevelTransitive": [
                "com.netflix.conductor:conductor-core"
            ],
            "locked": "15.4"
        },
        "org.springframework.boot:spring-boot-starter-log4j2": {
            "locked": "2.7.3"
        },
        "org.springframework.boot:spring-boot-starter-test": {
            "locked": "2.7.3"
        },
        "org.springframework.retry:spring-retry": {
            "locked": "1.3.3"
        },
        "org.testcontainers:elasticsearch": {
            "locked": "1.15.3"
        }
    }
}