{
    "annotationProcessor": {
        "org.springframework.boot:spring-boot-configuration-processor": {
            "locked": "2.3.1.RELEASE"
        }
    },
    "compileClasspath": {
        "com.google.guava:guava": {
            "locked": "30.0-jre"
        },
        "com.google.protobuf:protobuf-java": {
            "locked": "3.13.0"
        },
        "com.netflix.conductor:conductor-common": {
            "project": true
        },
        "com.netflix.conductor:conductor-grpc": {
            "project": true
        },
        "io.grpc:grpc-netty": {
            "locked": "1.33.1"
        },
        "io.grpc:grpc-protobuf": {
            "locked": "1.33.1"
        },
        "io.grpc:grpc-stub": {
            "locked": "1.33.1"
        },
        "org.apache.commons:commons-lang3": {
            "locked": "3.10"
        },
        "org.slf4j:slf4j-api": {
            "locked": "1.7.30"
        }
    },
    "runtimeClasspath": {
        "com.fasterxml.jackson.core:jackson-core": {
            "firstLevelTransitive": [
                "com.netflix.conductor:conductor-common"
            ],
            "locked": "2.11.0"
        },
        "com.fasterxml.jackson.core:jackson-databind": {
            "firstLevelTransitive": [
                "com.netflix.conductor:conductor-common"
            ],
            "locked": "2.11.0"
        },
        "com.github.rholder:guava-retrying": {
            "firstLevelTransitive": [
                "com.netflix.conductor:conductor-common"
            ],
            "locked": "2.0.0"
        },
        "com.github.vmg.protogen:protogen-annotations": {
            "firstLevelTransitive": [
                "com.netflix.conductor:conductor-common"
            ],
            "locked": "1.0.0"
        },
        "com.google.guava:guava": {
            "locked": "30.0-jre"
        },
        "com.google.protobuf:protobuf-java": {
            "firstLevelTransitive": [
                "com.netflix.conductor:conductor-common",
                "com.netflix.conductor:conductor-grpc"
            ],
            "locked": "3.13.0"
        },
        "com.netflix.conductor:conductor-common": {
            "firstLevelTransitive": [
                "com.netflix.conductor:conductor-grpc"
            ],
            "project": true
        },
        "com.netflix.conductor:conductor-grpc": {
            "project": true
        },
        "io.grpc:grpc-netty": {
            "locked": "1.33.1"
        },
        "io.grpc:grpc-protobuf": {
            "firstLevelTransitive": [
                "com.netflix.conductor:conductor-grpc"
            ],
            "locked": "1.33.1"
        },
        "io.grpc:grpc-stub": {
            "firstLevelTransitive": [
                "com.netflix.conductor:conductor-grpc"
            ],
            "locked": "1.33.1"
        },
        "javax.activation:activation": {
            "firstLevelTransitive": [
                "com.netflix.conductor:conductor-common"
            ],
            "locked": "1.1.1"
        },
        "javax.annotation:javax.annotation-api": {
            "firstLevelTransitive": [
                "com.netflix.conductor:conductor-grpc"
            ],
            "locked": "1.3.2"
        },
        "javax.xml.bind:jaxb-api": {
            "firstLevelTransitive": [
                "com.netflix.conductor:conductor-common"
            ],
            "locked": "2.3.1"
        },
        "org.apache.bval:bval-jsr": {
            "firstLevelTransitive": [
                "com.netflix.conductor:conductor-common"
            ],
            "locked": "2.0.5"
        },
        "org.apache.commons:commons-lang3": {
            "firstLevelTransitive": [
                "com.netflix.conductor:conductor-common"
            ],
            "locked": "3.10"
        },
        "org.glassfish.jaxb:jaxb-runtime": {
            "firstLevelTransitive": [
                "com.netflix.conductor:conductor-common"
            ],
            "locked": "2.3.3"
        },
        "org.slf4j:slf4j-api": {
            "locked": "1.7.30"
        }
    },
    "testCompileClasspath": {
        "com.google.guava:guava": {
            "locked": "30.0-jre"
        },
        "com.google.protobuf:protobuf-java": {
            "locked": "3.13.0"
        },
        "com.netflix.conductor:conductor-common": {
            "project": true
        },
        "com.netflix.conductor:conductor-grpc": {
            "project": true
        },
        "io.grpc:grpc-netty": {
            "locked": "1.33.1"
        },
        "io.grpc:grpc-protobuf": {
            "locked": "1.33.1"
        },
        "io.grpc:grpc-stub": {
            "locked": "1.33.1"
        },
        "org.apache.commons:commons-lang3": {
            "locked": "3.10"
        },
        "org.slf4j:slf4j-api": {
            "locked": "1.7.30"
        },
        "org.springframework.boot:spring-boot-starter-log4j2": {
            "locked": "2.3.1.RELEASE"
        },
        "org.springframework.boot:spring-boot-starter-test": {
            "locked": "2.3.1.RELEASE"
        }
    },
    "testRuntimeClasspath": {
        "com.fasterxml.jackson.core:jackson-core": {
            "firstLevelTransitive": [
                "com.netflix.conductor:conductor-common"
            ],
            "locked": "2.11.0"
        },
        "com.fasterxml.jackson.core:jackson-databind": {
            "firstLevelTransitive": [
                "com.netflix.conductor:conductor-common"
            ],
            "locked": "2.11.0"
        },
        "com.github.rholder:guava-retrying": {
            "firstLevelTransitive": [
                "com.netflix.conductor:conductor-common"
            ],
            "locked": "2.0.0"
        },
        "com.github.vmg.protogen:protogen-annotations": {
            "firstLevelTransitive": [
                "com.netflix.conductor:conductor-common"
            ],
            "locked": "1.0.0"
        },
        "com.google.guava:guava": {
            "locked": "30.0-jre"
        },
        "com.google.protobuf:protobuf-java": {
            "firstLevelTransitive": [
                "com.netflix.conductor:conductor-common",
                "com.netflix.conductor:conductor-grpc"
            ],
            "locked": "3.13.0"
        },
        "com.netflix.conductor:conductor-common": {
            "firstLevelTransitive": [
                "com.netflix.conductor:conductor-grpc"
            ],
            "project": true
        },
        "com.netflix.conductor:conductor-grpc": {
            "project": true
        },
        "io.grpc:grpc-netty": {
            "locked": "1.33.1"
        },
        "io.grpc:grpc-protobuf": {
            "firstLevelTransitive": [
                "com.netflix.conductor:conductor-grpc"
            ],
            "locked": "1.33.1"
        },
        "io.grpc:grpc-stub": {
            "firstLevelTransitive": [
                "com.netflix.conductor:conductor-grpc"
            ],
            "locked": "1.33.1"
        },
        "javax.activation:activation": {
            "firstLevelTransitive": [
                "com.netflix.conductor:conductor-common"
            ],
            "locked": "1.1.1"
        },
        "javax.annotation:javax.annotation-api": {
            "firstLevelTransitive": [
                "com.netflix.conductor:conductor-grpc"
            ],
            "locked": "1.3.2"
        },
        "javax.xml.bind:jaxb-api": {
            "firstLevelTransitive": [
                "com.netflix.conductor:conductor-common"
            ],
            "locked": "2.3.1"
        },
        "org.apache.bval:bval-jsr": {
            "firstLevelTransitive": [
                "com.netflix.conductor:conductor-common"
            ],
            "locked": "2.0.5"
        },
        "org.apache.commons:commons-lang3": {
            "firstLevelTransitive": [
                "com.netflix.conductor:conductor-common"
            ],
            "locked": "3.10"
        },
        "org.glassfish.jaxb:jaxb-runtime": {
            "firstLevelTransitive": [
                "com.netflix.conductor:conductor-common"
            ],
            "locked": "2.3.3"
        },
        "org.slf4j:slf4j-api": {
            "locked": "1.7.30"
        },
        "org.springframework.boot:spring-boot-starter-log4j2": {
            "locked": "2.3.1.RELEASE"
        },
        "org.springframework.boot:spring-boot-starter-test": {
            "locked": "2.3.1.RELEASE"
        }
    }
}