{
    "annotationProcessor": {
        "org.springframework.boot:spring-boot-configuration-processor": {
            "locked": "2.7.3"
        }
    },
    "compileClasspath": {
        "com.google.protobuf:protobuf-java": {
            "locked": "3.21.7"
        },
        "com.netflix.conductor:conductor-common": {
            "project": true
        },
        "io.grpc:grpc-protobuf": {
            "locked": "1.57.1"
        },
        "io.grpc:grpc-stub": {
            "locked": "1.57.1"
        },
        "javax.annotation:javax.annotation-api": {
            "locked": "1.3.2"
        },
        "org.apache.logging.log4j:log4j-api": {
            "locked": "2.17.2"
        },
        "org.apache.logging.log4j:log4j-core": {
            "locked": "2.17.2"
        },
        "org.apache.logging.log4j:log4j-jul": {
            "locked": "2.17.2"
        },
        "org.apache.logging.log4j:log4j-slf4j-impl": {
            "locked": "2.17.2"
        },
        "org.apache.logging.log4j:log4j-web": {
            "locked": "2.17.2"
        }
    },
    "compileProtoPath": {
        "com.fasterxml.jackson.core:jackson-core": {
            "firstLevelTransitive": [
                "com.netflix.conductor:conductor-common"
            ],
            "locked": "2.13.3"
        },
        "com.fasterxml.jackson.core:jackson-databind": {
            "firstLevelTransitive": [
                "com.netflix.conductor:conductor-common"
            ],
            "locked": "2.13.3"
        },
        "com.fasterxml.jackson.module:jackson-module-afterburner": {
            "firstLevelTransitive": [
                "com.netflix.conductor:conductor-common"
            ],
            "locked": "2.13.3"
        },
        "com.google.protobuf:protobuf-java": {
            "firstLevelTransitive": [
                "com.netflix.conductor:conductor-common"
            ],
            "locked": "3.21.7"
        },
        "com.netflix.conductor:conductor-annotations": {
            "firstLevelTransitive": [
                "com.netflix.conductor:conductor-common"
            ],
            "project": true
        },
        "com.netflix.conductor:conductor-common": {
            "project": true
        },
        "io.grpc:grpc-protobuf": {
            "locked": "1.57.1"
        },
        "io.grpc:grpc-stub": {
            "locked": "1.57.1"
        },
        "javax.annotation:javax.annotation-api": {
            "locked": "1.3.2"
        },
        "org.apache.bval:bval-jsr": {
            "firstLevelTransitive": [
                "com.netflix.conductor:conductor-common"
            ],
            "locked": "2.0.5"
        },
        "org.apache.commons:commons-lang3": {
            "firstLevelTransitive": [
                "com.netflix.conductor:conductor-common"
            ],
            "locked": "3.12.0"
        },
        "org.apache.logging.log4j:log4j-api": {
            "firstLevelTransitive": [
                "com.netflix.conductor:conductor-annotations",
                "com.netflix.conductor:conductor-common"
            ],
            "locked": "2.17.2"
        },
        "org.apache.logging.log4j:log4j-core": {
            "firstLevelTransitive": [
                "com.netflix.conductor:conductor-annotations",
                "com.netflix.conductor:conductor-common"
            ],
            "locked": "2.17.2"
        },
        "org.apache.logging.log4j:log4j-jul": {
            "firstLevelTransitive": [
                "com.netflix.conductor:conductor-annotations",
                "com.netflix.conductor:conductor-common"
            ],
            "locked": "2.17.2"
        },
        "org.apache.logging.log4j:log4j-slf4j-impl": {
            "firstLevelTransitive": [
                "com.netflix.conductor:conductor-annotations",
                "com.netflix.conductor:conductor-common"
            ],
            "locked": "2.17.2"
        },
        "org.apache.logging.log4j:log4j-web": {
            "firstLevelTransitive": [
                "com.netflix.conductor:conductor-annotations",
                "com.netflix.conductor:conductor-common"
            ],
            "locked": "2.17.2"
        }
    },
    "protobufToolsLocator_grpc": {
        "io.grpc:protoc-gen-grpc-java": {
            "locked": "1.57.1"
        }
    },
    "protobufToolsLocator_protoc": {
        "com.google.protobuf:protoc": {
            "locked": "3.14.0"
        }
    },
    "runtimeClasspath": {
        "com.fasterxml.jackson.core:jackson-core": {
            "firstLevelTransitive": [
                "com.netflix.conductor:conductor-common"
            ],
            "locked": "2.13.3"
        },
        "com.fasterxml.jackson.core:jackson-databind": {
            "firstLevelTransitive": [
                "com.netflix.conductor:conductor-common"
            ],
            "locked": "2.13.3"
        },
        "com.fasterxml.jackson.module:jackson-module-afterburner": {
            "firstLevelTransitive": [
                "com.netflix.conductor:conductor-common"
            ],
            "locked": "2.13.3"
        },
        "com.google.protobuf:protobuf-java": {
            "firstLevelTransitive": [
                "com.netflix.conductor:conductor-common"
            ],
            "locked": "3.21.7"
        },
        "com.netflix.conductor:conductor-annotations": {
            "firstLevelTransitive": [
                "com.netflix.conductor:conductor-common"
            ],
            "project": true
        },
        "com.netflix.conductor:conductor-common": {
            "project": true
        },
        "io.grpc:grpc-protobuf": {
            "locked": "1.57.1"
        },
        "io.grpc:grpc-stub": {
            "locked": "1.57.1"
        },
        "javax.annotation:javax.annotation-api": {
            "locked": "1.3.2"
        },
        "org.apache.bval:bval-jsr": {
            "firstLevelTransitive": [
                "com.netflix.conductor:conductor-common"
            ],
            "locked": "2.0.5"
        },
        "org.apache.commons:commons-lang3": {
            "firstLevelTransitive": [
                "com.netflix.conductor:conductor-common"
            ],
            "locked": "3.12.0"
        },
        "org.apache.logging.log4j:log4j-api": {
            "firstLevelTransitive": [
                "com.netflix.conductor:conductor-annotations",
                "com.netflix.conductor:conductor-common"
            ],
            "locked": "2.17.2"
        },
        "org.apache.logging.log4j:log4j-core": {
            "firstLevelTransitive": [
                "com.netflix.conductor:conductor-annotations",
                "com.netflix.conductor:conductor-common"
            ],
            "locked": "2.17.2"
        },
        "org.apache.logging.log4j:log4j-jul": {
            "firstLevelTransitive": [
                "com.netflix.conductor:conductor-annotations",
                "com.netflix.conductor:conductor-common"
            ],
            "locked": "2.17.2"
        },
        "org.apache.logging.log4j:log4j-slf4j-impl": {
            "firstLevelTransitive": [
                "com.netflix.conductor:conductor-annotations",
                "com.netflix.conductor:conductor-common"
            ],
            "locked": "2.17.2"
        },
        "org.apache.logging.log4j:log4j-web": {
            "firstLevelTransitive": [
                "com.netflix.conductor:conductor-annotations",
                "com.netflix.conductor:conductor-common"
            ],
            "locked": "2.17.2"
        }
    },
    "testCompileClasspath": {
        "com.google.protobuf:protobuf-java": {
            "locked": "3.21.7"
        },
        "com.netflix.conductor:conductor-common": {
            "project": true
        },
        "io.grpc:grpc-protobuf": {
            "locked": "1.57.1"
        },
        "io.grpc:grpc-stub": {
            "locked": "1.57.1"
        },
        "javax.annotation:javax.annotation-api": {
            "locked": "1.3.2"
        },
        "junit:junit": {
            "locked": "4.13.2"
        },
        "org.apache.logging.log4j:log4j-api": {
            "locked": "2.17.2"
        },
        "org.apache.logging.log4j:log4j-core": {
            "locked": "2.17.2"
        },
        "org.apache.logging.log4j:log4j-jul": {
            "locked": "2.17.2"
        },
        "org.apache.logging.log4j:log4j-slf4j-impl": {
            "locked": "2.17.2"
        },
        "org.apache.logging.log4j:log4j-web": {
            "locked": "2.17.2"
        },
        "org.junit.vintage:junit-vintage-engine": {
            "locked": "5.8.2"
        },
        "org.springframework.boot:spring-boot-starter-log4j2": {
            "locked": "2.7.3"
        },
        "org.springframework.boot:spring-boot-starter-test": {
            "locked": "2.7.3"
        }
    },
    "testCompileProtoPath": {
        "com.fasterxml.jackson.core:jackson-core": {
            "firstLevelTransitive": [
                "com.netflix.conductor:conductor-common"
            ],
            "locked": "2.13.3"
        },
        "com.fasterxml.jackson.core:jackson-databind": {
            "firstLevelTransitive": [
                "com.netflix.conductor:conductor-common"
            ],
            "locked": "2.13.3"
        },
        "com.fasterxml.jackson.module:jackson-module-afterburner": {
            "firstLevelTransitive": [
                "com.netflix.conductor:conductor-common"
            ],
            "locked": "2.13.3"
        },
        "com.google.protobuf:protobuf-java": {
            "firstLevelTransitive": [
                "com.netflix.conductor:conductor-common"
            ],
            "locked": "3.21.7"
        },
        "com.netflix.conductor:conductor-annotations": {
            "firstLevelTransitive": [
                "com.netflix.conductor:conductor-common"
            ],
            "project": true
        },
        "com.netflix.conductor:conductor-common": {
            "project": true
        },
        "io.grpc:grpc-protobuf": {
            "locked": "1.57.1"
        },
        "io.grpc:grpc-stub": {
            "locked": "1.57.1"
        },
        "javax.annotation:javax.annotation-api": {
            "locked": "1.3.2"
        },
        "junit:junit": {
            "locked": "4.13.2"
        },
        "org.apache.bval:bval-jsr": {
            "firstLevelTransitive": [
                "com.netflix.conductor:conductor-common"
            ],
            "locked": "2.0.5"
        },
        "org.apache.commons:commons-lang3": {
            "firstLevelTransitive": [
                "com.netflix.conductor:conductor-common"
            ],
            "locked": "3.12.0"
        },
        "org.apache.logging.log4j:log4j-api": {
            "firstLevelTransitive": [
                "com.netflix.conductor:conductor-annotations",
                "com.netflix.conductor:conductor-common"
            ],
            "locked": "2.17.2"
        },
        "org.apache.logging.log4j:log4j-core": {
            "firstLevelTransitive": [
                "com.netflix.conductor:conductor-annotations",
                "com.netflix.conductor:conductor-common"
            ],
            "locked": "2.17.2"
        },
        "org.apache.logging.log4j:log4j-jul": {
            "firstLevelTransitive": [
                "com.netflix.conductor:conductor-annotations",
                "com.netflix.conductor:conductor-common"
            ],
            "locked": "2.17.2"
        },
        "org.apache.logging.log4j:log4j-slf4j-impl": {
            "firstLevelTransitive": [
                "com.netflix.conductor:conductor-annotations",
                "com.netflix.conductor:conductor-common"
            ],
            "locked": "2.17.2"
        },
        "org.apache.logging.log4j:log4j-web": {
            "firstLevelTransitive": [
                "com.netflix.conductor:conductor-annotations",
                "com.netflix.conductor:conductor-common"
            ],
            "locked": "2.17.2"
        },
        "org.junit.vintage:junit-vintage-engine": {
            "locked": "5.8.2"
        },
        "org.springframework.boot:spring-boot-starter-log4j2": {
            "locked": "2.7.3"
        },
        "org.springframework.boot:spring-boot-starter-test": {
            "locked": "2.7.3"
        }
    },
    "testRuntimeClasspath": {
        "com.fasterxml.jackson.core:jackson-core": {
            "firstLevelTransitive": [
                "com.netflix.conductor:conductor-common"
            ],
            "locked": "2.13.3"
        },
        "com.fasterxml.jackson.core:jackson-databind": {
            "firstLevelTransitive": [
                "com.netflix.conductor:conductor-common"
            ],
            "locked": "2.13.3"
        },
        "com.fasterxml.jackson.module:jackson-module-afterburner": {
            "firstLevelTransitive": [
                "com.netflix.conductor:conductor-common"
            ],
            "locked": "2.13.3"
        },
        "com.google.protobuf:protobuf-java": {
            "firstLevelTransitive": [
                "com.netflix.conductor:conductor-common"
            ],
            "locked": "3.21.7"
        },
        "com.netflix.conductor:conductor-annotations": {
            "firstLevelTransitive": [
                "com.netflix.conductor:conductor-common"
            ],
            "project": true
        },
        "com.netflix.conductor:conductor-common": {
            "project": true
        },
        "io.grpc:grpc-protobuf": {
            "locked": "1.57.1"
        },
        "io.grpc:grpc-stub": {
            "locked": "1.57.1"
        },
        "javax.annotation:javax.annotation-api": {
            "locked": "1.3.2"
        },
        "junit:junit": {
            "locked": "4.13.2"
        },
        "org.apache.bval:bval-jsr": {
            "firstLevelTransitive": [
                "com.netflix.conductor:conductor-common"
            ],
            "locked": "2.0.5"
        },
        "org.apache.commons:commons-lang3": {
            "firstLevelTransitive": [
                "com.netflix.conductor:conductor-common"
            ],
            "locked": "3.12.0"
        },
        "org.apache.logging.log4j:log4j-api": {
            "firstLevelTransitive": [
                "com.netflix.conductor:conductor-annotations",
                "com.netflix.conductor:conductor-common"
            ],
            "locked": "2.17.2"
        },
        "org.apache.logging.log4j:log4j-core": {
            "firstLevelTransitive": [
                "com.netflix.conductor:conductor-annotations",
                "com.netflix.conductor:conductor-common"
            ],
            "locked": "2.17.2"
        },
        "org.apache.logging.log4j:log4j-jul": {
            "firstLevelTransitive": [
                "com.netflix.conductor:conductor-annotations",
                "com.netflix.conductor:conductor-common"
            ],
            "locked": "2.17.2"
        },
        "org.apache.logging.log4j:log4j-slf4j-impl": {
            "firstLevelTransitive": [
                "com.netflix.conductor:conductor-annotations",
                "com.netflix.conductor:conductor-common"
            ],
            "locked": "2.17.2"
        },
        "org.apache.logging.log4j:log4j-web": {
            "firstLevelTransitive": [
                "com.netflix.conductor:conductor-annotations",
                "com.netflix.conductor:conductor-common"
            ],
            "locked": "2.17.2"
        },
        "org.junit.vintage:junit-vintage-engine": {
            "locked": "5.8.2"
        },
        "org.springframework.boot:spring-boot-starter-log4j2": {
            "locked": "2.7.3"
        },
        "org.springframework.boot:spring-boot-starter-test": {
            "locked": "2.7.3"
        }
    }
}