{
    "annotationProcessor": {
        "org.springframework.boot:spring-boot-configuration-processor": {
            "locked": "2.3.1.RELEASE"
        }
    },
    "compileClasspath": {
        "com.netflix.conductor:conductor-cassandra-persistence": {
            "project": true
        },
        "com.netflix.conductor:conductor-contribs": {
            "project": true
        },
        "com.netflix.conductor:conductor-core": {
            "project": true
        },
        "com.netflix.conductor:conductor-es6-persistence": {
            "project": true
        },
        "com.netflix.conductor:conductor-grpc-server": {
            "project": true
        },
        "com.netflix.conductor:conductor-redis-persistence": {
            "project": true
        },
        "com.netflix.conductor:conductor-rest": {
            "project": true
        },
        "org.apache.logging.log4j:log4j-web": {
            "locked": "2.13.3"
        },
        "org.springframework.boot:spring-boot-starter": {
            "locked": "2.3.1.RELEASE"
        },
        "org.springframework.boot:spring-boot-starter-log4j2": {
            "locked": "2.3.1.RELEASE"
        },
        "org.springframework.boot:spring-boot-starter-validation": {
            "locked": "2.3.1.RELEASE"
        },
        "org.springframework.boot:spring-boot-starter-web": {
            "locked": "2.3.1.RELEASE"
        }
    },
    "productionRuntimeClasspath": {
        "com.amazonaws:aws-java-sdk-s3": {
            "firstLevelTransitive": [
                "com.netflix.conductor:conductor-contribs"
            ],
            "locked": "1.11.86"
        },
        "com.amazonaws:aws-java-sdk-sqs": {
            "firstLevelTransitive": [
                "com.netflix.conductor:conductor-contribs"
            ],
            "locked": "1.11.86"
        },
        "com.datastax.cassandra:cassandra-driver-core": {
            "firstLevelTransitive": [
                "com.netflix.conductor:conductor-cassandra-persistence"
            ],
            "locked": "3.10.2"
        },
        "com.fasterxml.jackson.core:jackson-annotations": {
            "firstLevelTransitive": [
                "com.netflix.conductor:conductor-core"
            ],
            "locked": "2.11.0"
        },
        "com.fasterxml.jackson.core:jackson-core": {
            "firstLevelTransitive": [
                "com.netflix.conductor:conductor-common",
                "com.netflix.conductor:conductor-core"
            ],
            "locked": "2.11.0"
        },
        "com.fasterxml.jackson.core:jackson-databind": {
            "firstLevelTransitive": [
                "com.netflix.conductor:conductor-common",
                "com.netflix.conductor:conductor-core"
            ],
            "locked": "2.11.0"
        },
        "com.github.rholder:guava-retrying": {
            "firstLevelTransitive": [
                "com.netflix.conductor:conductor-common"
            ],
            "locked": "2.0.0"
        },
        "com.github.vmg.protogen:protogen-annotations": {
            "firstLevelTransitive": [
                "com.netflix.conductor:conductor-common"
            ],
            "locked": "1.0.0"
        },
        "com.google.guava:guava": {
            "firstLevelTransitive": [
                "com.netflix.conductor:conductor-contribs",
                "com.netflix.conductor:conductor-es6-persistence"
            ],
            "locked": "30.0-jre"
        },
        "com.google.protobuf:protobuf-java": {
            "firstLevelTransitive": [
                "com.netflix.conductor:conductor-common",
                "com.netflix.conductor:conductor-core",
                "com.netflix.conductor:conductor-grpc"
            ],
            "locked": "3.13.0"
        },
        "com.jayway.jsonpath:json-path": {
            "firstLevelTransitive": [
                "com.netflix.conductor:conductor-core"
            ],
            "locked": "2.4.0"
        },
        "com.netflix.conductor:conductor-cassandra-persistence": {
            "project": true
        },
        "com.netflix.conductor:conductor-common": {
            "firstLevelTransitive": [
                "com.netflix.conductor:conductor-cassandra-persistence",
                "com.netflix.conductor:conductor-contribs",
                "com.netflix.conductor:conductor-core",
                "com.netflix.conductor:conductor-es6-persistence",
                "com.netflix.conductor:conductor-grpc",
                "com.netflix.conductor:conductor-grpc-server",
                "com.netflix.conductor:conductor-redis-persistence",
                "com.netflix.conductor:conductor-rest"
            ],
            "project": true
        },
        "com.netflix.conductor:conductor-contribs": {
            "project": true
        },
        "com.netflix.conductor:conductor-core": {
            "firstLevelTransitive": [
                "com.netflix.conductor:conductor-cassandra-persistence",
                "com.netflix.conductor:conductor-contribs",
                "com.netflix.conductor:conductor-es6-persistence",
                "com.netflix.conductor:conductor-grpc-server",
                "com.netflix.conductor:conductor-redis-persistence",
                "com.netflix.conductor:conductor-rest"
            ],
            "project": true
        },
        "com.netflix.conductor:conductor-es6-persistence": {
            "project": true
        },
        "com.netflix.conductor:conductor-grpc": {
            "firstLevelTransitive": [
                "com.netflix.conductor:conductor-grpc-server"
            ],
            "project": true
        },
        "com.netflix.conductor:conductor-grpc-server": {
            "project": true
        },
        "com.netflix.conductor:conductor-redis-persistence": {
            "project": true
        },
        "com.netflix.conductor:conductor-rest": {
            "project": true
        },
        "com.netflix.dyno-queues:dyno-queues-redis": {
            "firstLevelTransitive": [
                "com.netflix.conductor:conductor-redis-persistence"
            ],
            "locked": "2.0.20"
        },
        "com.netflix.runtime:health-api": {
            "firstLevelTransitive": [
                "com.netflix.conductor:conductor-rest"
            ],
            "locked": "1.1.4"
        },
        "com.netflix.servo:servo-core": {
            "firstLevelTransitive": [
                "com.netflix.conductor:conductor-core"
            ],
            "locked": "0.13.0"
        },
        "com.netflix.spectator:spectator-api": {
            "firstLevelTransitive": [
                "com.netflix.conductor:conductor-core"
            ],
            "locked": "0.122.0"
        },
        "com.netflix.spectator:spectator-reg-metrics3": {
            "firstLevelTransitive": [
                "com.netflix.conductor:conductor-contribs"
            ],
            "locked": "0.122.0"
        },
        "com.netflix.spectator:spectator-reg-micrometer": {
            "firstLevelTransitive": [
                "com.netflix.conductor:conductor-contribs"
            ],
            "locked": "0.122.0"
        },
        "com.rabbitmq:amqp-client": {
            "firstLevelTransitive": [
                "com.netflix.conductor:conductor-contribs"
            ],
            "locked": "5.9.0"
        },
        "com.spotify:completable-futures": {
            "firstLevelTransitive": [
                "com.netflix.conductor:conductor-core"
            ],
            "locked": "0.3.3"
        },
        "commons-io:commons-io": {
            "firstLevelTransitive": [
                "com.netflix.conductor:conductor-core",
                "com.netflix.conductor:conductor-es6-persistence"
            ],
            "locked": "2.7"
        },
        "io.grpc:grpc-netty": {
            "firstLevelTransitive": [
                "com.netflix.conductor:conductor-grpc-server"
            ],
            "locked": "1.33.1"
        },
        "io.grpc:grpc-protobuf": {
            "firstLevelTransitive": [
                "com.netflix.conductor:conductor-grpc"
            ],
            "locked": "1.33.1"
        },
        "io.grpc:grpc-services": {
            "firstLevelTransitive": [
                "com.netflix.conductor:conductor-grpc-server"
            ],
            "locked": "1.33.1"
        },
        "io.grpc:grpc-stub": {
            "firstLevelTransitive": [
                "com.netflix.conductor:conductor-grpc"
            ],
            "locked": "1.33.1"
        },
        "io.micrometer:micrometer-registry-prometheus": {
            "firstLevelTransitive": [
                "com.netflix.conductor:conductor-contribs"
            ],
            "locked": "1.5.1"
        },
        "io.nats:java-nats-streaming": {
            "firstLevelTransitive": [
                "com.netflix.conductor:conductor-contribs"
            ],
            "locked": "0.5.0"
        },
        "io.prometheus:simpleclient": {
            "firstLevelTransitive": [
                "com.netflix.conductor:conductor-contribs"
            ],
            "locked": "0.9.0"
        },
        "io.reactivex:rxjava": {
            "firstLevelTransitive": [
                "com.netflix.conductor:conductor-contribs",
                "com.netflix.conductor:conductor-core"
            ],
            "locked": "1.3.8"
        },
        "javax.activation:activation": {
            "firstLevelTransitive": [
                "com.netflix.conductor:conductor-common",
                "com.netflix.conductor:conductor-core"
            ],
            "locked": "1.1.1"
        },
        "javax.annotation:javax.annotation-api": {
            "firstLevelTransitive": [
                "com.netflix.conductor:conductor-grpc"
            ],
            "locked": "1.3.2"
        },
        "javax.ws.rs:jsr311-api": {
            "firstLevelTransitive": [
                "com.netflix.conductor:conductor-contribs"
            ],
            "locked": "1.1.1"
        },
        "javax.xml.bind:jaxb-api": {
            "firstLevelTransitive": [
                "com.netflix.conductor:conductor-common",
                "com.netflix.conductor:conductor-core"
            ],
            "locked": "2.3.1"
        },
        "net.thisptr:jackson-jq": {
            "firstLevelTransitive": [
                "com.netflix.conductor:conductor-contribs"
            ],
            "locked": "0.0.12"
        },
        "org.apache.bval:bval-jsr": {
            "firstLevelTransitive": [
                "com.netflix.conductor:conductor-common",
                "com.netflix.conductor:conductor-core"
            ],
            "locked": "2.0.5"
        },
        "org.apache.commons:commons-lang3": {
            "firstLevelTransitive": [
                "com.netflix.conductor:conductor-cassandra-persistence",
                "com.netflix.conductor:conductor-common",
                "com.netflix.conductor:conductor-contribs",
                "com.netflix.conductor:conductor-core",
                "com.netflix.conductor:conductor-es6-persistence",
                "com.netflix.conductor:conductor-grpc-server"
            ],
            "locked": "3.10"
        },
        "org.apache.kafka:kafka-clients": {
            "firstLevelTransitive": [
                "com.netflix.conductor:conductor-contribs"
            ],
            "locked": "2.5.0"
        },
        "org.apache.logging.log4j:log4j-web": {
            "firstLevelTransitive": [
                "com.netflix.conductor:conductor-cassandra-persistence"
            ],
            "locked": "2.13.3"
        },
        "org.elasticsearch.client:elasticsearch-rest-client": {
            "firstLevelTransitive": [
                "com.netflix.conductor:conductor-es6-persistence"
            ],
            "locked": "6.8.12"
        },
        "org.elasticsearch.client:elasticsearch-rest-high-level-client": {
            "firstLevelTransitive": [
                "com.netflix.conductor:conductor-es6-persistence"
            ],
            "locked": "6.8.12"
        },
        "org.elasticsearch.client:transport": {
            "firstLevelTransitive": [
                "com.netflix.conductor:conductor-es6-persistence"
            ],
            "locked": "6.8.12"
        },
        "org.glassfish.jaxb:jaxb-runtime": {
            "firstLevelTransitive": [
                "com.netflix.conductor:conductor-common",
                "com.netflix.conductor:conductor-core"
            ],
            "locked": "2.3.3"
        },
        "org.rarefiedredis.redis:redis-java": {
            "firstLevelTransitive": [
                "com.netflix.conductor:conductor-redis-persistence"
            ],
            "locked": "0.0.17"
        },
        "org.springdoc:springdoc-openapi-ui": {
            "firstLevelTransitive": [
                "com.netflix.conductor:conductor-rest"
            ],
            "locked": "1.4.8"
        },
        "org.springframework.boot:spring-boot-starter": {
            "locked": "2.3.1.RELEASE"
        },
        "org.springframework.boot:spring-boot-starter-log4j2": {
            "locked": "2.3.1.RELEASE"
        },
        "org.springframework.boot:spring-boot-starter-validation": {
            "locked": "2.3.1.RELEASE"
        },
        "org.springframework.boot:spring-boot-starter-web": {
            "firstLevelTransitive": [
                "com.netflix.conductor:conductor-rest"
            ],
            "locked": "2.3.1.RELEASE"
        },
        "redis.clients:jedis": {
            "firstLevelTransitive": [
                "com.netflix.conductor:conductor-redis-persistence"
            ],
            "locked": "3.3.0"
        }
    },
    "runtimeClasspath": {
        "com.amazonaws:aws-java-sdk-s3": {
            "firstLevelTransitive": [
                "com.netflix.conductor:conductor-contribs"
            ],
            "locked": "1.11.86"
        },
        "com.amazonaws:aws-java-sdk-sqs": {
            "firstLevelTransitive": [
                "com.netflix.conductor:conductor-contribs"
            ],
            "locked": "1.11.86"
        },
        "com.datastax.cassandra:cassandra-driver-core": {
            "firstLevelTransitive": [
                "com.netflix.conductor:conductor-cassandra-persistence"
            ],
            "locked": "3.10.2"
        },
        "com.fasterxml.jackson.core:jackson-annotations": {
            "firstLevelTransitive": [
                "com.netflix.conductor:conductor-core"
            ],
            "locked": "2.11.0"
        },
        "com.fasterxml.jackson.core:jackson-core": {
            "firstLevelTransitive": [
                "com.netflix.conductor:conductor-common",
                "com.netflix.conductor:conductor-core"
            ],
            "locked": "2.11.0"
        },
        "com.fasterxml.jackson.core:jackson-databind": {
            "firstLevelTransitive": [
                "com.netflix.conductor:conductor-common",
                "com.netflix.conductor:conductor-core"
            ],
            "locked": "2.11.0"
        },
        "com.github.rholder:guava-retrying": {
            "firstLevelTransitive": [
                "com.netflix.conductor:conductor-common"
            ],
            "locked": "2.0.0"
        },
        "com.github.vmg.protogen:protogen-annotations": {
            "firstLevelTransitive": [
                "com.netflix.conductor:conductor-common"
            ],
            "locked": "1.0.0"
        },
        "com.google.guava:guava": {
            "firstLevelTransitive": [
                "com.netflix.conductor:conductor-contribs",
                "com.netflix.conductor:conductor-es6-persistence"
            ],
            "locked": "30.0-jre"
        },
        "com.google.protobuf:protobuf-java": {
            "firstLevelTransitive": [
                "com.netflix.conductor:conductor-common",
                "com.netflix.conductor:conductor-core",
                "com.netflix.conductor:conductor-grpc"
            ],
            "locked": "3.13.0"
        },
        "com.jayway.jsonpath:json-path": {
            "firstLevelTransitive": [
                "com.netflix.conductor:conductor-core"
            ],
            "locked": "2.4.0"
        },
        "com.netflix.conductor:conductor-cassandra-persistence": {
            "project": true
        },
        "com.netflix.conductor:conductor-common": {
            "firstLevelTransitive": [
                "com.netflix.conductor:conductor-cassandra-persistence",
                "com.netflix.conductor:conductor-contribs",
                "com.netflix.conductor:conductor-core",
                "com.netflix.conductor:conductor-es6-persistence",
                "com.netflix.conductor:conductor-grpc",
                "com.netflix.conductor:conductor-grpc-server",
                "com.netflix.conductor:conductor-redis-persistence",
                "com.netflix.conductor:conductor-rest"
            ],
            "project": true
        },
        "com.netflix.conductor:conductor-contribs": {
            "project": true
        },
        "com.netflix.conductor:conductor-core": {
            "firstLevelTransitive": [
                "com.netflix.conductor:conductor-cassandra-persistence",
                "com.netflix.conductor:conductor-contribs",
                "com.netflix.conductor:conductor-es6-persistence",
                "com.netflix.conductor:conductor-grpc-server",
                "com.netflix.conductor:conductor-redis-persistence",
                "com.netflix.conductor:conductor-rest"
            ],
            "project": true
        },
        "com.netflix.conductor:conductor-es6-persistence": {
            "project": true
        },
        "com.netflix.conductor:conductor-grpc": {
            "firstLevelTransitive": [
                "com.netflix.conductor:conductor-grpc-server"
            ],
            "project": true
        },
        "com.netflix.conductor:conductor-grpc-server": {
            "project": true
        },
        "com.netflix.conductor:conductor-redis-persistence": {
            "project": true
        },
        "com.netflix.conductor:conductor-rest": {
            "project": true
        },
        "com.netflix.dyno-queues:dyno-queues-redis": {
            "firstLevelTransitive": [
                "com.netflix.conductor:conductor-redis-persistence"
            ],
            "locked": "2.0.20"
        },
        "com.netflix.runtime:health-api": {
            "firstLevelTransitive": [
                "com.netflix.conductor:conductor-rest"
            ],
            "locked": "1.1.4"
        },
        "com.netflix.servo:servo-core": {
            "firstLevelTransitive": [
                "com.netflix.conductor:conductor-core"
            ],
            "locked": "0.13.0"
        },
        "com.netflix.spectator:spectator-api": {
            "firstLevelTransitive": [
                "com.netflix.conductor:conductor-core"
            ],
            "locked": "0.122.0"
        },
        "com.netflix.spectator:spectator-reg-metrics3": {
            "firstLevelTransitive": [
                "com.netflix.conductor:conductor-contribs"
            ],
            "locked": "0.122.0"
        },
        "com.netflix.spectator:spectator-reg-micrometer": {
            "firstLevelTransitive": [
                "com.netflix.conductor:conductor-contribs"
            ],
            "locked": "0.122.0"
        },
        "com.rabbitmq:amqp-client": {
            "firstLevelTransitive": [
                "com.netflix.conductor:conductor-contribs"
            ],
            "locked": "5.9.0"
        },
        "com.spotify:completable-futures": {
            "firstLevelTransitive": [
                "com.netflix.conductor:conductor-core"
            ],
            "locked": "0.3.3"
        },
        "commons-io:commons-io": {
            "firstLevelTransitive": [
                "com.netflix.conductor:conductor-core",
                "com.netflix.conductor:conductor-es6-persistence"
            ],
            "locked": "2.7"
        },
        "io.grpc:grpc-netty": {
            "firstLevelTransitive": [
                "com.netflix.conductor:conductor-grpc-server"
            ],
            "locked": "1.33.1"
        },
        "io.grpc:grpc-protobuf": {
            "firstLevelTransitive": [
                "com.netflix.conductor:conductor-grpc"
            ],
            "locked": "1.33.1"
        },
        "io.grpc:grpc-services": {
            "firstLevelTransitive": [
                "com.netflix.conductor:conductor-grpc-server"
            ],
            "locked": "1.33.1"
        },
        "io.grpc:grpc-stub": {
            "firstLevelTransitive": [
                "com.netflix.conductor:conductor-grpc"
            ],
            "locked": "1.33.1"
        },
        "io.micrometer:micrometer-registry-prometheus": {
            "firstLevelTransitive": [
                "com.netflix.conductor:conductor-contribs"
            ],
            "locked": "1.5.1"
        },
        "io.nats:java-nats-streaming": {
            "firstLevelTransitive": [
                "com.netflix.conductor:conductor-contribs"
            ],
            "locked": "0.5.0"
        },
        "io.prometheus:simpleclient": {
            "firstLevelTransitive": [
                "com.netflix.conductor:conductor-contribs"
            ],
            "locked": "0.9.0"
        },
        "io.reactivex:rxjava": {
            "firstLevelTransitive": [
                "com.netflix.conductor:conductor-contribs",
                "com.netflix.conductor:conductor-core"
            ],
            "locked": "1.3.8"
        },
        "javax.activation:activation": {
            "firstLevelTransitive": [
                "com.netflix.conductor:conductor-common",
                "com.netflix.conductor:conductor-core"
            ],
            "locked": "1.1.1"
        },
        "javax.annotation:javax.annotation-api": {
            "firstLevelTransitive": [
                "com.netflix.conductor:conductor-grpc"
            ],
            "locked": "1.3.2"
        },
        "javax.ws.rs:jsr311-api": {
            "firstLevelTransitive": [
                "com.netflix.conductor:conductor-contribs"
            ],
            "locked": "1.1.1"
        },
        "javax.xml.bind:jaxb-api": {
            "firstLevelTransitive": [
                "com.netflix.conductor:conductor-common",
                "com.netflix.conductor:conductor-core"
            ],
            "locked": "2.3.1"
        },
        "net.thisptr:jackson-jq": {
            "firstLevelTransitive": [
                "com.netflix.conductor:conductor-contribs"
            ],
            "locked": "0.0.12"
        },
        "org.apache.bval:bval-jsr": {
            "firstLevelTransitive": [
                "com.netflix.conductor:conductor-common",
                "com.netflix.conductor:conductor-core"
            ],
            "locked": "2.0.5"
        },
        "org.apache.commons:commons-lang3": {
            "firstLevelTransitive": [
                "com.netflix.conductor:conductor-cassandra-persistence",
                "com.netflix.conductor:conductor-common",
                "com.netflix.conductor:conductor-contribs",
                "com.netflix.conductor:conductor-core",
                "com.netflix.conductor:conductor-es6-persistence",
                "com.netflix.conductor:conductor-grpc-server"
            ],
            "locked": "3.10"
        },
        "org.apache.kafka:kafka-clients": {
            "firstLevelTransitive": [
                "com.netflix.conductor:conductor-contribs"
            ],
            "locked": "2.5.0"
        },
        "org.apache.logging.log4j:log4j-web": {
            "firstLevelTransitive": [
                "com.netflix.conductor:conductor-cassandra-persistence"
            ],
            "locked": "2.13.3"
        },
        "org.elasticsearch.client:elasticsearch-rest-client": {
            "firstLevelTransitive": [
                "com.netflix.conductor:conductor-es6-persistence"
            ],
            "locked": "6.8.12"
        },
        "org.elasticsearch.client:elasticsearch-rest-high-level-client": {
            "firstLevelTransitive": [
                "com.netflix.conductor:conductor-es6-persistence"
            ],
            "locked": "6.8.12"
        },
        "org.elasticsearch.client:transport": {
            "firstLevelTransitive": [
                "com.netflix.conductor:conductor-es6-persistence"
            ],
            "locked": "6.8.12"
        },
        "org.glassfish.jaxb:jaxb-runtime": {
            "firstLevelTransitive": [
                "com.netflix.conductor:conductor-common",
                "com.netflix.conductor:conductor-core"
            ],
            "locked": "2.3.3"
        },
        "org.rarefiedredis.redis:redis-java": {
            "firstLevelTransitive": [
                "com.netflix.conductor:conductor-redis-persistence"
            ],
            "locked": "0.0.17"
        },
        "org.springdoc:springdoc-openapi-ui": {
            "firstLevelTransitive": [
                "com.netflix.conductor:conductor-rest"
            ],
            "locked": "1.4.8"
        },
        "org.springframework.boot:spring-boot-starter": {
            "locked": "2.3.1.RELEASE"
        },
        "org.springframework.boot:spring-boot-starter-log4j2": {
            "locked": "2.3.1.RELEASE"
        },
        "org.springframework.boot:spring-boot-starter-validation": {
            "locked": "2.3.1.RELEASE"
        },
        "org.springframework.boot:spring-boot-starter-web": {
            "firstLevelTransitive": [
                "com.netflix.conductor:conductor-rest"
            ],
            "locked": "2.3.1.RELEASE"
        },
        "redis.clients:jedis": {
            "firstLevelTransitive": [
                "com.netflix.conductor:conductor-redis-persistence"
            ],
            "locked": "3.3.0"
        }
    },
    "testCompileClasspath": {
        "com.netflix.conductor:conductor-cassandra-persistence": {
            "project": true
        },
        "com.netflix.conductor:conductor-contribs": {
            "project": true
        },
        "com.netflix.conductor:conductor-core": {
            "project": true
        },
        "com.netflix.conductor:conductor-es6-persistence": {
            "project": true
        },
        "com.netflix.conductor:conductor-grpc-server": {
            "project": true
        },
        "com.netflix.conductor:conductor-redis-persistence": {
            "project": true
        },
        "com.netflix.conductor:conductor-rest": {
            "project": true
        },
        "org.apache.logging.log4j:log4j-web": {
            "locked": "2.13.3"
        },
        "org.springframework.boot:spring-boot-starter": {
            "locked": "2.3.1.RELEASE"
        },
        "org.springframework.boot:spring-boot-starter-log4j2": {
            "locked": "2.3.1.RELEASE"
        },
        "org.springframework.boot:spring-boot-starter-test": {
            "locked": "2.3.1.RELEASE"
        },
        "org.springframework.boot:spring-boot-starter-validation": {
            "locked": "2.3.1.RELEASE"
        },
        "org.springframework.boot:spring-boot-starter-web": {
            "locked": "2.3.1.RELEASE"
        }
    },
    "testRuntimeClasspath": {
        "com.amazonaws:aws-java-sdk-s3": {
            "firstLevelTransitive": [
                "com.netflix.conductor:conductor-contribs"
            ],
            "locked": "1.11.86"
        },
        "com.amazonaws:aws-java-sdk-sqs": {
            "firstLevelTransitive": [
                "com.netflix.conductor:conductor-contribs"
            ],
            "locked": "1.11.86"
        },
        "com.datastax.cassandra:cassandra-driver-core": {
            "firstLevelTransitive": [
                "com.netflix.conductor:conductor-cassandra-persistence"
            ],
            "locked": "3.10.2"
        },
        "com.fasterxml.jackson.core:jackson-annotations": {
            "firstLevelTransitive": [
                "com.netflix.conductor:conductor-core"
            ],
            "locked": "2.11.0"
        },
        "com.fasterxml.jackson.core:jackson-core": {
            "firstLevelTransitive": [
                "com.netflix.conductor:conductor-common",
                "com.netflix.conductor:conductor-core"
            ],
            "locked": "2.11.0"
        },
        "com.fasterxml.jackson.core:jackson-databind": {
            "firstLevelTransitive": [
                "com.netflix.conductor:conductor-common",
                "com.netflix.conductor:conductor-core"
            ],
            "locked": "2.11.0"
        },
        "com.github.rholder:guava-retrying": {
            "firstLevelTransitive": [
                "com.netflix.conductor:conductor-common"
            ],
            "locked": "2.0.0"
        },
        "com.github.vmg.protogen:protogen-annotations": {
            "firstLevelTransitive": [
                "com.netflix.conductor:conductor-common"
            ],
            "locked": "1.0.0"
        },
        "com.google.guava:guava": {
            "firstLevelTransitive": [
                "com.netflix.conductor:conductor-contribs",
                "com.netflix.conductor:conductor-es6-persistence"
            ],
            "locked": "30.0-jre"
        },
        "com.google.protobuf:protobuf-java": {
            "firstLevelTransitive": [
                "com.netflix.conductor:conductor-common",
                "com.netflix.conductor:conductor-core",
                "com.netflix.conductor:conductor-grpc"
            ],
            "locked": "3.13.0"
        },
        "com.jayway.jsonpath:json-path": {
            "firstLevelTransitive": [
                "com.netflix.conductor:conductor-core"
            ],
            "locked": "2.4.0"
        },
        "com.netflix.conductor:conductor-cassandra-persistence": {
            "project": true
        },
        "com.netflix.conductor:conductor-common": {
            "firstLevelTransitive": [
                "com.netflix.conductor:conductor-cassandra-persistence",
                "com.netflix.conductor:conductor-contribs",
                "com.netflix.conductor:conductor-core",
                "com.netflix.conductor:conductor-es6-persistence",
                "com.netflix.conductor:conductor-grpc",
                "com.netflix.conductor:conductor-grpc-server",
                "com.netflix.conductor:conductor-redis-persistence",
                "com.netflix.conductor:conductor-rest"
            ],
            "project": true
        },
        "com.netflix.conductor:conductor-contribs": {
            "project": true
        },
        "com.netflix.conductor:conductor-core": {
            "firstLevelTransitive": [
                "com.netflix.conductor:conductor-cassandra-persistence",
                "com.netflix.conductor:conductor-contribs",
                "com.netflix.conductor:conductor-es6-persistence",
                "com.netflix.conductor:conductor-grpc-server",
                "com.netflix.conductor:conductor-redis-persistence",
                "com.netflix.conductor:conductor-rest"
            ],
            "project": true
        },
        "com.netflix.conductor:conductor-es6-persistence": {
            "project": true
        },
        "com.netflix.conductor:conductor-grpc": {
            "firstLevelTransitive": [
                "com.netflix.conductor:conductor-grpc-server"
            ],
            "project": true
        },
        "com.netflix.conductor:conductor-grpc-server": {
            "project": true
        },
        "com.netflix.conductor:conductor-redis-persistence": {
            "project": true
        },
        "com.netflix.conductor:conductor-rest": {
            "project": true
        },
        "com.netflix.dyno-queues:dyno-queues-redis": {
            "firstLevelTransitive": [
                "com.netflix.conductor:conductor-redis-persistence"
            ],
            "locked": "2.0.20"
        },
        "com.netflix.runtime:health-api": {
            "firstLevelTransitive": [
                "com.netflix.conductor:conductor-rest"
            ],
            "locked": "1.1.4"
        },
        "com.netflix.servo:servo-core": {
            "firstLevelTransitive": [
                "com.netflix.conductor:conductor-core"
            ],
            "locked": "0.13.0"
        },
        "com.netflix.spectator:spectator-api": {
            "firstLevelTransitive": [
                "com.netflix.conductor:conductor-core"
            ],
            "locked": "0.122.0"
        },
        "com.netflix.spectator:spectator-reg-metrics3": {
            "firstLevelTransitive": [
                "com.netflix.conductor:conductor-contribs"
            ],
            "locked": "0.122.0"
        },
        "com.netflix.spectator:spectator-reg-micrometer": {
            "firstLevelTransitive": [
                "com.netflix.conductor:conductor-contribs"
            ],
            "locked": "0.122.0"
        },
        "com.rabbitmq:amqp-client": {
            "firstLevelTransitive": [
                "com.netflix.conductor:conductor-contribs"
            ],
            "locked": "5.9.0"
        },
        "com.spotify:completable-futures": {
            "firstLevelTransitive": [
                "com.netflix.conductor:conductor-core"
            ],
            "locked": "0.3.3"
        },
        "commons-io:commons-io": {
            "firstLevelTransitive": [
                "com.netflix.conductor:conductor-core",
                "com.netflix.conductor:conductor-es6-persistence"
            ],
            "locked": "2.7"
        },
        "io.grpc:grpc-netty": {
            "firstLevelTransitive": [
                "com.netflix.conductor:conductor-grpc-server"
            ],
            "locked": "1.33.1"
        },
        "io.grpc:grpc-protobuf": {
            "firstLevelTransitive": [
                "com.netflix.conductor:conductor-grpc"
            ],
            "locked": "1.33.1"
        },
        "io.grpc:grpc-services": {
            "firstLevelTransitive": [
                "com.netflix.conductor:conductor-grpc-server"
            ],
            "locked": "1.33.1"
        },
        "io.grpc:grpc-stub": {
            "firstLevelTransitive": [
                "com.netflix.conductor:conductor-grpc"
            ],
            "locked": "1.33.1"
        },
        "io.micrometer:micrometer-registry-prometheus": {
            "firstLevelTransitive": [
                "com.netflix.conductor:conductor-contribs"
            ],
            "locked": "1.5.1"
        },
        "io.nats:java-nats-streaming": {
            "firstLevelTransitive": [
                "com.netflix.conductor:conductor-contribs"
            ],
            "locked": "0.5.0"
        },
        "io.prometheus:simpleclient": {
            "firstLevelTransitive": [
                "com.netflix.conductor:conductor-contribs"
            ],
            "locked": "0.9.0"
        },
        "io.reactivex:rxjava": {
            "firstLevelTransitive": [
                "com.netflix.conductor:conductor-contribs",
                "com.netflix.conductor:conductor-core"
            ],
            "locked": "1.3.8"
        },
        "javax.activation:activation": {
            "firstLevelTransitive": [
                "com.netflix.conductor:conductor-common",
                "com.netflix.conductor:conductor-core"
            ],
            "locked": "1.1.1"
        },
        "javax.annotation:javax.annotation-api": {
            "firstLevelTransitive": [
                "com.netflix.conductor:conductor-grpc"
            ],
            "locked": "1.3.2"
        },
        "javax.ws.rs:jsr311-api": {
            "firstLevelTransitive": [
                "com.netflix.conductor:conductor-contribs"
            ],
            "locked": "1.1.1"
        },
        "javax.xml.bind:jaxb-api": {
            "firstLevelTransitive": [
                "com.netflix.conductor:conductor-common",
                "com.netflix.conductor:conductor-core"
            ],
            "locked": "2.3.1"
        },
        "net.thisptr:jackson-jq": {
            "firstLevelTransitive": [
                "com.netflix.conductor:conductor-contribs"
            ],
            "locked": "0.0.12"
        },
        "org.apache.bval:bval-jsr": {
            "firstLevelTransitive": [
                "com.netflix.conductor:conductor-common",
                "com.netflix.conductor:conductor-core"
            ],
            "locked": "2.0.5"
        },
        "org.apache.commons:commons-lang3": {
            "firstLevelTransitive": [
                "com.netflix.conductor:conductor-cassandra-persistence",
                "com.netflix.conductor:conductor-common",
                "com.netflix.conductor:conductor-contribs",
                "com.netflix.conductor:conductor-core",
                "com.netflix.conductor:conductor-es6-persistence",
                "com.netflix.conductor:conductor-grpc-server"
            ],
            "locked": "3.10"
        },
        "org.apache.kafka:kafka-clients": {
            "firstLevelTransitive": [
                "com.netflix.conductor:conductor-contribs"
            ],
            "locked": "2.5.0"
        },
        "org.apache.logging.log4j:log4j-web": {
            "firstLevelTransitive": [
                "com.netflix.conductor:conductor-cassandra-persistence"
            ],
            "locked": "2.13.3"
        },
        "org.elasticsearch.client:elasticsearch-rest-client": {
            "firstLevelTransitive": [
                "com.netflix.conductor:conductor-es6-persistence"
            ],
            "locked": "6.8.12"
        },
        "org.elasticsearch.client:elasticsearch-rest-high-level-client": {
            "firstLevelTransitive": [
                "com.netflix.conductor:conductor-es6-persistence"
            ],
            "locked": "6.8.12"
        },
        "org.elasticsearch.client:transport": {
            "firstLevelTransitive": [
                "com.netflix.conductor:conductor-es6-persistence"
            ],
            "locked": "6.8.12"
        },
        "org.glassfish.jaxb:jaxb-runtime": {
            "firstLevelTransitive": [
                "com.netflix.conductor:conductor-common",
                "com.netflix.conductor:conductor-core"
            ],
            "locked": "2.3.3"
        },
        "org.rarefiedredis.redis:redis-java": {
            "firstLevelTransitive": [
                "com.netflix.conductor:conductor-redis-persistence"
            ],
            "locked": "0.0.17"
        },
        "org.springdoc:springdoc-openapi-ui": {
            "firstLevelTransitive": [
                "com.netflix.conductor:conductor-rest"
            ],
            "locked": "1.4.8"
        },
        "org.springframework.boot:spring-boot-starter": {
            "locked": "2.3.1.RELEASE"
        },
        "org.springframework.boot:spring-boot-starter-log4j2": {
            "locked": "2.3.1.RELEASE"
        },
        "org.springframework.boot:spring-boot-starter-test": {
            "locked": "2.3.1.RELEASE"
        },
        "org.springframework.boot:spring-boot-starter-validation": {
            "locked": "2.3.1.RELEASE"
        },
        "org.springframework.boot:spring-boot-starter-web": {
            "firstLevelTransitive": [
                "com.netflix.conductor:conductor-rest"
            ],
            "locked": "2.3.1.RELEASE"
        },
        "redis.clients:jedis": {
            "firstLevelTransitive": [
                "com.netflix.conductor:conductor-redis-persistence"
            ],
            "locked": "3.3.0"
        }
    }
}