{
    "annotationProcessor": {
        "org.springframework.boot:spring-boot-configuration-processor": {
            "locked": "2.7.16"
        }
    },
    "compileClasspath": {
        "com.google.guava:guava": {
            "locked": "32.1.2-jre"
        },
        "com.netflix.conductor:conductor-common": {
            "locked": "3.15.0"
        },
        "com.netflix.conductor:conductor-core": {
            "locked": "3.15.0"
        },
        "com.rabbitmq:amqp-client": {
            "locked": "5.13.0"
        },
        "io.reactivex:rxjava": {
            "locked": "1.2.2"
        },
        "org.apache.commons:commons-lang3": {
            "locked": "3.12.0"
        },
        "org.apache.logging.log4j:log4j-api": {
            "locked": "2.17.2"
        },
        "org.apache.logging.log4j:log4j-core": {
            "locked": "2.17.2"
        },
        "org.apache.logging.log4j:log4j-jul": {
            "locked": "2.17.2"
        },
        "org.apache.logging.log4j:log4j-slf4j-impl": {
            "locked": "2.17.2"
        },
        "org.apache.logging.log4j:log4j-web": {
            "locked": "2.17.2"
        },
        "org.springframework.boot:spring-boot-starter": {
            "locked": "2.7.16"
        },
        "org.springframework.boot:spring-boot-starter-web": {
            "locked": "2.7.16"
        }
    },
    "runtimeClasspath": {
        "com.google.guava:guava": {
            "locked": "32.1.2-jre"
        },
        "com.netflix.conductor:conductor-common": {
            "locked": "3.15.0"
        },
        "com.netflix.conductor:conductor-core": {
            "locked": "3.15.0"
        },
        "com.rabbitmq:amqp-client": {
            "locked": "5.13.0"
        },
        "io.reactivex:rxjava": {
            "locked": "1.2.2"
        },
        "org.apache.commons:commons-lang3": {
            "locked": "3.12.0"
        },
        "org.apache.logging.log4j:log4j-api": {
            "locked": "2.17.2"
        },
        "org.apache.logging.log4j:log4j-core": {
            "locked": "2.17.2"
        },
        "org.apache.logging.log4j:log4j-jul": {
            "locked": "2.17.2"
        },
        "org.apache.logging.log4j:log4j-slf4j-impl": {
            "locked": "2.17.2"
        },
        "org.apache.logging.log4j:log4j-web": {
            "locked": "2.17.2"
        }
    },
    "testCompileClasspath": {
        "com.google.guava:guava": {
            "locked": "32.1.2-jre"
        },
        "com.netflix.conductor:conductor-common": {
            "locked": "3.15.0"
        },
        "com.netflix.conductor:conductor-core": {
            "locked": "3.15.0"
        },
        "com.rabbitmq:amqp-client": {
            "locked": "5.13.0"
        },
        "io.reactivex:rxjava": {
            "locked": "1.2.2"
        },
        "junit:junit": {
            "locked": "4.13.2"
        },
        "org.apache.commons:commons-lang3": {
            "locked": "3.12.0"
        },
        "org.apache.logging.log4j:log4j-api": {
            "locked": "2.17.2"
        },
        "org.apache.logging.log4j:log4j-core": {
            "locked": "2.17.2"
        },
        "org.apache.logging.log4j:log4j-jul": {
            "locked": "2.17.2"
        },
        "org.apache.logging.log4j:log4j-slf4j-impl": {
            "locked": "2.17.2"
        },
        "org.apache.logging.log4j:log4j-web": {
            "locked": "2.17.2"
        },
        "org.junit.vintage:junit-vintage-engine": {
            "locked": "5.8.2"
        },
        "org.springframework.boot:spring-boot-starter-log4j2": {
            "locked": "2.7.16"
        },
        "org.springframework.boot:spring-boot-starter-test": {
            "locked": "2.7.16"
        }
    },
    "testRuntimeClasspath": {
        "com.google.guava:guava": {
            "locked": "32.1.2-jre"
        },
        "com.netflix.conductor:conductor-common": {
            "locked": "3.15.0"
        },
        "com.netflix.conductor:conductor-core": {
            "locked": "3.15.0"
        },
        "com.rabbitmq:amqp-client": {
            "locked": "5.13.0"
        },
        "io.reactivex:rxjava": {
            "locked": "1.2.2"
        },
        "junit:junit": {
            "locked": "4.13.2"
        },
        "org.apache.commons:commons-lang3": {
            "locked": "3.12.0"
        },
        "org.apache.logging.log4j:log4j-api": {
            "locked": "2.17.2"
        },
        "org.apache.logging.log4j:log4j-core": {
            "locked": "2.17.2"
        },
        "org.apache.logging.log4j:log4j-jul": {
            "locked": "2.17.2"
        },
        "org.apache.logging.log4j:log4j-slf4j-impl": {
            "locked": "2.17.2"
        },
        "org.apache.logging.log4j:log4j-web": {
            "locked": "2.17.2"
        },
        "org.junit.vintage:junit-vintage-engine": {
            "locked": "5.8.2"
        },
        "org.springframework.boot:spring-boot-starter-log4j2": {
            "locked": "2.7.16"
        },
        "org.springframework.boot:spring-boot-starter-test": {
            "locked": "2.7.16"
        }
    }
}