{
    "jacocoAgent": {
        "org.jacoco:org.jacoco.agent": {
            "locked": "0.8.6"
        }
    },
    "jacocoAnt": {
        "org.jacoco:org.jacoco.ant": {
            "locked": "0.8.6"
        }
    },
    "testCompileClasspath": {
        "junit:junit": {
            "locked": "4.12"
        },
        "org.mockito:mockito-core": {
            "locked": "3.1.0"
        }
    },
    "testRuntimeClasspath": {
        "junit:junit": {
            "locked": "4.12"
        },
        "org.mockito:mockito-core": {
            "locked": "3.1.0"
        }
    }
}